// !$*UTF8*$!
{
	archiveVersion = 1;
	classes = {
	};
	objectVersion = 56;
	objects = {

/* Begin PBXBuildFile section */
		3B0F120B2A37450E0097D720 /* EssentialFeedAPIEndToEndTests.swift in Sources */ = {isa = PBXBuildFile; fileRef = 3B0F120A2A37450E0097D720 /* EssentialFeedAPIEndToEndTests.swift */; };
		3B0F120C2A37450E0097D720 /* EssentialFeed.framework in Frameworks */ = {isa = PBXBuildFile; fileRef = 3B2D94372A276C7900A35C06 /* EssentialFeed.framework */; };
		3B0F12122A374B8A0097D720 /* XCTestCase+MemoryLeakTracking.swift in Sources */ = {isa = PBXBuildFile; fileRef = 3B2D94672A3372D500A35C06 /* XCTestCase+MemoryLeakTracking.swift */; };
		3B0F12162A4068E40097D720 /* README.md in Resources */ = {isa = PBXBuildFile; fileRef = 3B0F12152A4068E30097D720 /* README.md */; };
		3B0F12192A4084950097D720 /* CacheFeedUseCaseTests.swift in Sources */ = {isa = PBXBuildFile; fileRef = 3B0F12182A4084950097D720 /* CacheFeedUseCaseTests.swift */; };
		3B23A33B2A5EE5D3007FD182 /* EssentialFeediOS.framework in Frameworks */ = {isa = PBXBuildFile; fileRef = 3B23A3332A5EE5D1007FD182 /* EssentialFeediOS.framework */; };
		3B23A34A2A604B72007FD182 /* FeedUIIntegrationTests.swift in Sources */ = {isa = PBXBuildFile; fileRef = 3B23A3492A604B72007FD182 /* FeedUIIntegrationTests.swift */; };
		3B23A34C2A604E1F007FD182 /* EssentialFeed.framework in Frameworks */ = {isa = PBXBuildFile; fileRef = 3B2D94372A276C7900A35C06 /* EssentialFeed.framework */; platformFilter = ios; };
		3B23A34D2A604F36007FD182 /* XCTestCase+MemoryLeakTracking.swift in Sources */ = {isa = PBXBuildFile; fileRef = 3B2D94672A3372D500A35C06 /* XCTestCase+MemoryLeakTracking.swift */; };
		3B23A34F2A605779007FD182 /* FeedViewController.swift in Sources */ = {isa = PBXBuildFile; fileRef = 3B23A34E2A605779007FD182 /* FeedViewController.swift */; };
		3B23A3512A618AEE007FD182 /* FeedImageCell.swift in Sources */ = {isa = PBXBuildFile; fileRef = 3B23A3502A618AEE007FD182 /* FeedImageCell.swift */; };
		3B23A3532A619B6F007FD182 /* UIView+Shimmering.swift in Sources */ = {isa = PBXBuildFile; fileRef = 3B23A3522A619B6F007FD182 /* UIView+Shimmering.swift */; };
		3B23A3562A6571BC007FD182 /* UIImage+TestHelpers.swift in Sources */ = {isa = PBXBuildFile; fileRef = 3B23A3552A6571BC007FD182 /* UIImage+TestHelpers.swift */; };
		3B23A3582A657283007FD182 /* UIRefreshControl+TestHelpers.swift in Sources */ = {isa = PBXBuildFile; fileRef = 3B23A3572A657283007FD182 /* UIRefreshControl+TestHelpers.swift */; };
		3B23A35A2A6572CF007FD182 /* UIButton+TestHelpers.swift in Sources */ = {isa = PBXBuildFile; fileRef = 3B23A3592A6572CF007FD182 /* UIButton+TestHelpers.swift */; };
		3B23A35C2A657326007FD182 /* UIControl+TestHelpers.swift in Sources */ = {isa = PBXBuildFile; fileRef = 3B23A35B2A657326007FD182 /* UIControl+TestHelpers.swift */; };
		3B23A3602A6574A0007FD182 /* FeedViewController+TestHelpers.swift in Sources */ = {isa = PBXBuildFile; fileRef = 3B23A35F2A6574A0007FD182 /* FeedViewController+TestHelpers.swift */; };
		3B23A3622A657509007FD182 /* FeedImageCell+TestHelpers.swift in Sources */ = {isa = PBXBuildFile; fileRef = 3B23A3612A657509007FD182 /* FeedImageCell+TestHelpers.swift */; };
		3B23A3642A657566007FD182 /* FeedUIIntegrationTests+LoaderSpy.swift in Sources */ = {isa = PBXBuildFile; fileRef = 3B23A3632A657566007FD182 /* FeedUIIntegrationTests+LoaderSpy.swift */; };
		3B23A3662A65760C007FD182 /* FeedUIIntegrationTests+Assertions.swift in Sources */ = {isa = PBXBuildFile; fileRef = 3B23A3652A65760C007FD182 /* FeedUIIntegrationTests+Assertions.swift */; };
		3B23A36A2A657813007FD182 /* FeedImageDataLoader.swift in Sources */ = {isa = PBXBuildFile; fileRef = 3B23A3692A657813007FD182 /* FeedImageDataLoader.swift */; };
		3B23A36F2A658BE5007FD182 /* FeedImageCellController.swift in Sources */ = {isa = PBXBuildFile; fileRef = 3B23A36E2A658BE5007FD182 /* FeedImageCellController.swift */; };
		3B23A3712A65951D007FD182 /* FeedUIComposer.swift in Sources */ = {isa = PBXBuildFile; fileRef = 3B23A3702A65951D007FD182 /* FeedUIComposer.swift */; };
		3B23A3772A66E446007FD182 /* FeedImageViewModel.swift in Sources */ = {isa = PBXBuildFile; fileRef = 3B23A3762A66E446007FD182 /* FeedImageViewModel.swift */; };
		3B2D943C2A276C7A00A35C06 /* EssentialFeed.docc in Sources */ = {isa = PBXBuildFile; fileRef = 3B2D943B2A276C7900A35C06 /* EssentialFeed.docc */; };
		3B2D94422A276C7A00A35C06 /* EssentialFeed.framework in Frameworks */ = {isa = PBXBuildFile; fileRef = 3B2D94372A276C7900A35C06 /* EssentialFeed.framework */; };
		3B2D94472A276C7A00A35C06 /* LoadFeedFromRemoteUseCaseTests.swift in Sources */ = {isa = PBXBuildFile; fileRef = 3B2D94462A276C7A00A35C06 /* LoadFeedFromRemoteUseCaseTests.swift */; };
		3B2D94482A276C7A00A35C06 /* EssentialFeed.h in Headers */ = {isa = PBXBuildFile; fileRef = 3B2D943A2A276C7900A35C06 /* EssentialFeed.h */; settings = {ATTRIBUTES = (Public, ); }; };
		3B2D94522A276CB000A35C06 /* FeedImage.swift in Sources */ = {isa = PBXBuildFile; fileRef = 3B2D94512A276CB000A35C06 /* FeedImage.swift */; };
		3B2D94542A276EED00A35C06 /* FeedLoader.swift in Sources */ = {isa = PBXBuildFile; fileRef = 3B2D94532A276EED00A35C06 /* FeedLoader.swift */; };
		3B2D945D2A28D72E00A35C06 /* RemoteFeedLoader.swift in Sources */ = {isa = PBXBuildFile; fileRef = 3B2D945C2A28D72E00A35C06 /* RemoteFeedLoader.swift */; };
		3B2D94602A2F60FC00A35C06 /* HTTPClient.swift in Sources */ = {isa = PBXBuildFile; fileRef = 3B2D945F2A2F60FC00A35C06 /* HTTPClient.swift */; };
		3B2D94622A2F61A600A35C06 /* FeedItemsMapper.swift in Sources */ = {isa = PBXBuildFile; fileRef = 3B2D94612A2F61A600A35C06 /* FeedItemsMapper.swift */; };
		3B2D94652A32155500A35C06 /* URLSessionHTTPClientTests.swift in Sources */ = {isa = PBXBuildFile; fileRef = 3B2D94642A32155500A35C06 /* URLSessionHTTPClientTests.swift */; };
		3B2D94682A3372D500A35C06 /* XCTestCase+MemoryLeakTracking.swift in Sources */ = {isa = PBXBuildFile; fileRef = 3B2D94672A3372D500A35C06 /* XCTestCase+MemoryLeakTracking.swift */; };
		3B2D946A2A33895900A35C06 /* URLSessionHTTPClient.swift in Sources */ = {isa = PBXBuildFile; fileRef = 3B2D94692A33895900A35C06 /* URLSessionHTTPClient.swift */; };
		3B32BE022A41E65600CDB1EB /* LocalFeedLoader.swift in Sources */ = {isa = PBXBuildFile; fileRef = 3B32BE012A41E65600CDB1EB /* LocalFeedLoader.swift */; };
		3B32BE042A41E6F100CDB1EB /* FeedStore.swift in Sources */ = {isa = PBXBuildFile; fileRef = 3B32BE032A41E6F100CDB1EB /* FeedStore.swift */; };
		3B32BE062A432B9100CDB1EB /* RemoteFeedItem.swift in Sources */ = {isa = PBXBuildFile; fileRef = 3B32BE052A432B9100CDB1EB /* RemoteFeedItem.swift */; };
		3B32BE082A432C2D00CDB1EB /* LocalFeedImage.swift in Sources */ = {isa = PBXBuildFile; fileRef = 3B32BE072A432C2D00CDB1EB /* LocalFeedImage.swift */; };
		3B35DD252A54466E004DB2C4 /* CoreDataHelpers.swift in Sources */ = {isa = PBXBuildFile; fileRef = 3B35DD242A54466E004DB2C4 /* CoreDataHelpers.swift */; };
		3B35DD272A544731004DB2C4 /* ManagedCache.swift in Sources */ = {isa = PBXBuildFile; fileRef = 3B35DD262A544731004DB2C4 /* ManagedCache.swift */; };
		3B35DD292A544795004DB2C4 /* ManagedFeedImage.swift in Sources */ = {isa = PBXBuildFile; fileRef = 3B35DD282A544795004DB2C4 /* ManagedFeedImage.swift */; };
		3B35DD312A558DFF004DB2C4 /* EssentialFeedCacheIntegrationTests.swift in Sources */ = {isa = PBXBuildFile; fileRef = 3B35DD302A558DFF004DB2C4 /* EssentialFeedCacheIntegrationTests.swift */; };
		3B35DD322A558DFF004DB2C4 /* EssentialFeed.framework in Frameworks */ = {isa = PBXBuildFile; fileRef = 3B2D94372A276C7900A35C06 /* EssentialFeed.framework */; };
		3B35DD382A55902F004DB2C4 /* XCTestCase+MemoryLeakTracking.swift in Sources */ = {isa = PBXBuildFile; fileRef = 3B2D94672A3372D500A35C06 /* XCTestCase+MemoryLeakTracking.swift */; };
		3B35DD392A559445004DB2C4 /* FeedCacheTestHelpers.swift in Sources */ = {isa = PBXBuildFile; fileRef = 3B3BD6292A49BFB900CE976E /* FeedCacheTestHelpers.swift */; };
		3B35DD3A2A55944D004DB2C4 /* SharedTestHelpers.swift in Sources */ = {isa = PBXBuildFile; fileRef = 3B3BD62B2A49C01400CE976E /* SharedTestHelpers.swift */; };
		3B3BD6282A49B69900CE976E /* ValidateFeedCacheUseCaseTests.swift in Sources */ = {isa = PBXBuildFile; fileRef = 3B3BD6272A49B69900CE976E /* ValidateFeedCacheUseCaseTests.swift */; };
		3B3BD62A2A49BFB900CE976E /* FeedCacheTestHelpers.swift in Sources */ = {isa = PBXBuildFile; fileRef = 3B3BD6292A49BFB900CE976E /* FeedCacheTestHelpers.swift */; };
		3B3BD62C2A49C01400CE976E /* SharedTestHelpers.swift in Sources */ = {isa = PBXBuildFile; fileRef = 3B3BD62B2A49C01400CE976E /* SharedTestHelpers.swift */; };
		3B3BD62E2A4B253400CE976E /* FeedCachePolicy.swift in Sources */ = {isa = PBXBuildFile; fileRef = 3B3BD62D2A4B253400CE976E /* FeedCachePolicy.swift */; };
		3B4D74912A6832FF00C91A47 /* FeedImagePresenter.swift in Sources */ = {isa = PBXBuildFile; fileRef = 3B4D74902A6832FF00C91A47 /* FeedImagePresenter.swift */; };
		3B4D74972A6964B700C91A47 /* Feed.storyboard in Resources */ = {isa = PBXBuildFile; fileRef = 3B4D74962A6964B600C91A47 /* Feed.storyboard */; };
		3B4D74992A6964E200C91A47 /* Feed.xcassets in Resources */ = {isa = PBXBuildFile; fileRef = 3B4D74982A6964E200C91A47 /* Feed.xcassets */; };
		3B4D749B2A697D3D00C91A47 /* UITableView+Dequeueing.swift in Sources */ = {isa = PBXBuildFile; fileRef = 3B4D749A2A697D3D00C91A47 /* UITableView+Dequeueing.swift */; };
		3B4D749D2A697E0600C91A47 /* UIImageView+Animations.swift in Sources */ = {isa = PBXBuildFile; fileRef = 3B4D749C2A697E0600C91A47 /* UIImageView+Animations.swift */; };
		3B4D74A12A6AABBE00C91A47 /* FeedUIIntegrationTests+Localization.swift in Sources */ = {isa = PBXBuildFile; fileRef = 3B4D74A02A6AABBE00C91A47 /* FeedUIIntegrationTests+Localization.swift */; };
		3B5D8F792A6E963900FEB848 /* MainQueueDispatchDecorator.swift in Sources */ = {isa = PBXBuildFile; fileRef = 3B5D8F782A6E963900FEB848 /* MainQueueDispatchDecorator.swift */; };
		3B5D8F7B2A6E96EE00FEB848 /* WeakRefVirtualProxy.swift in Sources */ = {isa = PBXBuildFile; fileRef = 3B5D8F7A2A6E96EE00FEB848 /* WeakRefVirtualProxy.swift */; };
		3B5D8F7D2A6E975600FEB848 /* FeedImageDataLoaderPresentationAdapter.swift in Sources */ = {isa = PBXBuildFile; fileRef = 3B5D8F7C2A6E975600FEB848 /* FeedImageDataLoaderPresentationAdapter.swift */; };
		3B5D8F7F2A6E97BF00FEB848 /* FeedLoaderPresentationAdapter.swift in Sources */ = {isa = PBXBuildFile; fileRef = 3B5D8F7E2A6E97BF00FEB848 /* FeedLoaderPresentationAdapter.swift */; };
		3B5D8F812A6E980B00FEB848 /* FeedViewAdapter.swift in Sources */ = {isa = PBXBuildFile; fileRef = 3B5D8F802A6E980B00FEB848 /* FeedViewAdapter.swift */; };
		3B5D8F8B2A73E72B00FEB848 /* ErrorView.swift in Sources */ = {isa = PBXBuildFile; fileRef = 3B5D8F8A2A73E72B00FEB848 /* ErrorView.swift */; };
		3B5D8F902A73EB7400FEB848 /* UIRefreshControl+Helpers.swift in Sources */ = {isa = PBXBuildFile; fileRef = 3B5D8F8F2A73EB7400FEB848 /* UIRefreshControl+Helpers.swift */; };
		3B5D8F932A73F0F600FEB848 /* FeedPresenterTests.swift in Sources */ = {isa = PBXBuildFile; fileRef = 3B5D8F922A73F0F600FEB848 /* FeedPresenterTests.swift */; };
		3B5D8F9D2A7402B500FEB848 /* FeedPresenter.swift in Sources */ = {isa = PBXBuildFile; fileRef = 3B5D8F9C2A7402B500FEB848 /* FeedPresenter.swift */; };
		3B5D8F9E2A74035F00FEB848 /* Feed.strings in Resources */ = {isa = PBXBuildFile; fileRef = 3B5D8F982A74010B00FEB848 /* Feed.strings */; };
		3B5D8FA02A7403CB00FEB848 /* FeedViewModel.swift in Sources */ = {isa = PBXBuildFile; fileRef = 3B5D8F9F2A7403CB00FEB848 /* FeedViewModel.swift */; };
		3B5D8FA22A74040B00FEB848 /* FeedLoadingViewModel.swift in Sources */ = {isa = PBXBuildFile; fileRef = 3B5D8FA12A74040B00FEB848 /* FeedLoadingViewModel.swift */; };
		3B5D8FA42A74046200FEB848 /* FeedErrorViewModel.swift in Sources */ = {isa = PBXBuildFile; fileRef = 3B5D8FA32A74046200FEB848 /* FeedErrorViewModel.swift */; };
		3B5D8FA72A7407A500FEB848 /* FeedLocalizationTests.swift in Sources */ = {isa = PBXBuildFile; fileRef = 3B4D74A82A6AAFFB00C91A47 /* FeedLocalizationTests.swift */; };
		3B5D8FA92A7409B800FEB848 /* FeedImagePresenterTests.swift in Sources */ = {isa = PBXBuildFile; fileRef = 3B5D8FA82A7409B800FEB848 /* FeedImagePresenterTests.swift */; };
		3B5D8FAB2A740FF300FEB848 /* FeedImagePresenter.swift in Sources */ = {isa = PBXBuildFile; fileRef = 3B5D8FAA2A740FF300FEB848 /* FeedImagePresenter.swift */; };
		3BAD16172A52EA710071EB4D /* FeedStoreSpecs.swift in Sources */ = {isa = PBXBuildFile; fileRef = 3BAD16162A52EA710071EB4D /* FeedStoreSpecs.swift */; };
		3BAD16192A52EB970071EB4D /* XCTestCase+FeedStoreSpecs.swift in Sources */ = {isa = PBXBuildFile; fileRef = 3BAD16182A52EB970071EB4D /* XCTestCase+FeedStoreSpecs.swift */; };
		3BAD161B2A52EE130071EB4D /* XCTestCase+FailableRetrieveFeedStoreSpecs.swift in Sources */ = {isa = PBXBuildFile; fileRef = 3BAD161A2A52EE130071EB4D /* XCTestCase+FailableRetrieveFeedStoreSpecs.swift */; };
		3BAD161D2A52EEC50071EB4D /* XCTestCase+FailableInsertFeedStoreSpecs.swift in Sources */ = {isa = PBXBuildFile; fileRef = 3BAD161C2A52EEC50071EB4D /* XCTestCase+FailableInsertFeedStoreSpecs.swift */; };
		3BAD161F2A52EF680071EB4D /* XCTestCase+FailableDeleteFeedStoreSpecs.swift in Sources */ = {isa = PBXBuildFile; fileRef = 3BAD161E2A52EF680071EB4D /* XCTestCase+FailableDeleteFeedStoreSpecs.swift */; };
		3BAD16222A52FE510071EB4D /* CoreDataFeedStoreTests.swift in Sources */ = {isa = PBXBuildFile; fileRef = 3BAD16212A52FE510071EB4D /* CoreDataFeedStoreTests.swift */; };
		3BAD16242A52FF1E0071EB4D /* CoreDataFeedStore.swift in Sources */ = {isa = PBXBuildFile; fileRef = 3BAD16232A52FF1E0071EB4D /* CoreDataFeedStore.swift */; };
		3BAD16272A5301250071EB4D /* FeedStore.xcdatamodeld in Sources */ = {isa = PBXBuildFile; fileRef = 3BAD16252A5301250071EB4D /* FeedStore.xcdatamodeld */; };
		3BDC29862A4474D500E6D8FD /* LoadFeedFromCacheUseCaseTests.swift in Sources */ = {isa = PBXBuildFile; fileRef = 3BDC29852A4474D500E6D8FD /* LoadFeedFromCacheUseCaseTests.swift */; };
		3BDC29892A44764900E6D8FD /* FeedStoreSpy.swift in Sources */ = {isa = PBXBuildFile; fileRef = 3BDC29882A44764800E6D8FD /* FeedStoreSpy.swift */; };
/* End PBXBuildFile section */

/* Begin PBXContainerItemProxy section */
		3B0F120D2A37450E0097D720 /* PBXContainerItemProxy */ = {
			isa = PBXContainerItemProxy;
			containerPortal = 3B2D942E2A276C7900A35C06 /* Project object */;
			proxyType = 1;
			remoteGlobalIDString = 3B2D94362A276C7900A35C06;
			remoteInfo = EssentialFeed;
		};
		3B23A33C2A5EE5D3007FD182 /* PBXContainerItemProxy */ = {
			isa = PBXContainerItemProxy;
			containerPortal = 3B2D942E2A276C7900A35C06 /* Project object */;
			proxyType = 1;
			remoteGlobalIDString = 3B23A3322A5EE5D1007FD182;
			remoteInfo = EssentialFeediOS;
		};
		3B2D94432A276C7A00A35C06 /* PBXContainerItemProxy */ = {
			isa = PBXContainerItemProxy;
			containerPortal = 3B2D942E2A276C7900A35C06 /* Project object */;
			proxyType = 1;
			remoteGlobalIDString = 3B2D94362A276C7900A35C06;
			remoteInfo = EssentialFeed;
		};
		3B35DD332A558DFF004DB2C4 /* PBXContainerItemProxy */ = {
			isa = PBXContainerItemProxy;
			containerPortal = 3B2D942E2A276C7900A35C06 /* Project object */;
			proxyType = 1;
			remoteGlobalIDString = 3B2D94362A276C7900A35C06;
			remoteInfo = EssentialFeed;
		};
/* End PBXContainerItemProxy section */

/* Begin PBXFileReference section */
		3B0F12082A37450E0097D720 /* EssentialFeedAPIEndToEndTests.xctest */ = {isa = PBXFileReference; explicitFileType = wrapper.cfbundle; includeInIndex = 0; path = EssentialFeedAPIEndToEndTests.xctest; sourceTree = BUILT_PRODUCTS_DIR; };
		3B0F120A2A37450E0097D720 /* EssentialFeedAPIEndToEndTests.swift */ = {isa = PBXFileReference; lastKnownFileType = sourcecode.swift; path = EssentialFeedAPIEndToEndTests.swift; sourceTree = "<group>"; };
		3B0F12152A4068E30097D720 /* README.md */ = {isa = PBXFileReference; fileEncoding = 4; lastKnownFileType = net.daringfireball.markdown; path = README.md; sourceTree = "<group>"; };
		3B0F12182A4084950097D720 /* CacheFeedUseCaseTests.swift */ = {isa = PBXFileReference; lastKnownFileType = sourcecode.swift; path = CacheFeedUseCaseTests.swift; sourceTree = "<group>"; };
		3B23A3332A5EE5D1007FD182 /* EssentialFeediOS.framework */ = {isa = PBXFileReference; explicitFileType = wrapper.framework; includeInIndex = 0; path = EssentialFeediOS.framework; sourceTree = BUILT_PRODUCTS_DIR; };
		3B23A33A2A5EE5D2007FD182 /* EssentialFeediOSTests.xctest */ = {isa = PBXFileReference; explicitFileType = wrapper.cfbundle; includeInIndex = 0; path = EssentialFeediOSTests.xctest; sourceTree = BUILT_PRODUCTS_DIR; };
		3B23A3482A604B70007FD182 /* EssentialFeediOSTests-Bridging-Header.h */ = {isa = PBXFileReference; lastKnownFileType = sourcecode.c.h; path = "EssentialFeediOSTests-Bridging-Header.h"; sourceTree = "<group>"; };
		3B23A3492A604B72007FD182 /* FeedUIIntegrationTests.swift */ = {isa = PBXFileReference; lastKnownFileType = sourcecode.swift; path = FeedUIIntegrationTests.swift; sourceTree = "<group>"; };
		3B23A34E2A605779007FD182 /* FeedViewController.swift */ = {isa = PBXFileReference; lastKnownFileType = sourcecode.swift; path = FeedViewController.swift; sourceTree = "<group>"; };
		3B23A3502A618AEE007FD182 /* FeedImageCell.swift */ = {isa = PBXFileReference; lastKnownFileType = sourcecode.swift; path = FeedImageCell.swift; sourceTree = "<group>"; };
		3B23A3522A619B6F007FD182 /* UIView+Shimmering.swift */ = {isa = PBXFileReference; lastKnownFileType = sourcecode.swift; path = "UIView+Shimmering.swift"; sourceTree = "<group>"; };
		3B23A3552A6571BC007FD182 /* UIImage+TestHelpers.swift */ = {isa = PBXFileReference; lastKnownFileType = sourcecode.swift; path = "UIImage+TestHelpers.swift"; sourceTree = "<group>"; };
		3B23A3572A657283007FD182 /* UIRefreshControl+TestHelpers.swift */ = {isa = PBXFileReference; lastKnownFileType = sourcecode.swift; path = "UIRefreshControl+TestHelpers.swift"; sourceTree = "<group>"; };
		3B23A3592A6572CF007FD182 /* UIButton+TestHelpers.swift */ = {isa = PBXFileReference; lastKnownFileType = sourcecode.swift; path = "UIButton+TestHelpers.swift"; sourceTree = "<group>"; };
		3B23A35B2A657326007FD182 /* UIControl+TestHelpers.swift */ = {isa = PBXFileReference; lastKnownFileType = sourcecode.swift; path = "UIControl+TestHelpers.swift"; sourceTree = "<group>"; };
		3B23A35F2A6574A0007FD182 /* FeedViewController+TestHelpers.swift */ = {isa = PBXFileReference; lastKnownFileType = sourcecode.swift; path = "FeedViewController+TestHelpers.swift"; sourceTree = "<group>"; };
		3B23A3612A657509007FD182 /* FeedImageCell+TestHelpers.swift */ = {isa = PBXFileReference; lastKnownFileType = sourcecode.swift; path = "FeedImageCell+TestHelpers.swift"; sourceTree = "<group>"; };
		3B23A3632A657566007FD182 /* FeedUIIntegrationTests+LoaderSpy.swift */ = {isa = PBXFileReference; lastKnownFileType = sourcecode.swift; path = "FeedUIIntegrationTests+LoaderSpy.swift"; sourceTree = "<group>"; };
		3B23A3652A65760C007FD182 /* FeedUIIntegrationTests+Assertions.swift */ = {isa = PBXFileReference; lastKnownFileType = sourcecode.swift; path = "FeedUIIntegrationTests+Assertions.swift"; sourceTree = "<group>"; };
		3B23A3692A657813007FD182 /* FeedImageDataLoader.swift */ = {isa = PBXFileReference; lastKnownFileType = sourcecode.swift; path = FeedImageDataLoader.swift; sourceTree = "<group>"; };
		3B23A36E2A658BE5007FD182 /* FeedImageCellController.swift */ = {isa = PBXFileReference; lastKnownFileType = sourcecode.swift; path = FeedImageCellController.swift; sourceTree = "<group>"; };
		3B23A3702A65951D007FD182 /* FeedUIComposer.swift */ = {isa = PBXFileReference; lastKnownFileType = sourcecode.swift; path = FeedUIComposer.swift; sourceTree = "<group>"; };
		3B23A3762A66E446007FD182 /* FeedImageViewModel.swift */ = {isa = PBXFileReference; lastKnownFileType = sourcecode.swift; path = FeedImageViewModel.swift; sourceTree = "<group>"; };
		3B2D94372A276C7900A35C06 /* EssentialFeed.framework */ = {isa = PBXFileReference; explicitFileType = wrapper.framework; includeInIndex = 0; path = EssentialFeed.framework; sourceTree = BUILT_PRODUCTS_DIR; };
		3B2D943A2A276C7900A35C06 /* EssentialFeed.h */ = {isa = PBXFileReference; lastKnownFileType = sourcecode.c.h; path = EssentialFeed.h; sourceTree = "<group>"; };
		3B2D943B2A276C7900A35C06 /* EssentialFeed.docc */ = {isa = PBXFileReference; lastKnownFileType = folder.documentationcatalog; path = EssentialFeed.docc; sourceTree = "<group>"; };
		3B2D94412A276C7A00A35C06 /* EssentialFeedTests.xctest */ = {isa = PBXFileReference; explicitFileType = wrapper.cfbundle; includeInIndex = 0; path = EssentialFeedTests.xctest; sourceTree = BUILT_PRODUCTS_DIR; };
		3B2D94462A276C7A00A35C06 /* LoadFeedFromRemoteUseCaseTests.swift */ = {isa = PBXFileReference; lastKnownFileType = sourcecode.swift; path = LoadFeedFromRemoteUseCaseTests.swift; sourceTree = "<group>"; };
		3B2D94512A276CB000A35C06 /* FeedImage.swift */ = {isa = PBXFileReference; lastKnownFileType = sourcecode.swift; path = FeedImage.swift; sourceTree = "<group>"; };
		3B2D94532A276EED00A35C06 /* FeedLoader.swift */ = {isa = PBXFileReference; lastKnownFileType = sourcecode.swift; path = FeedLoader.swift; sourceTree = "<group>"; };
		3B2D945C2A28D72E00A35C06 /* RemoteFeedLoader.swift */ = {isa = PBXFileReference; lastKnownFileType = sourcecode.swift; path = RemoteFeedLoader.swift; sourceTree = "<group>"; };
		3B2D945F2A2F60FC00A35C06 /* HTTPClient.swift */ = {isa = PBXFileReference; lastKnownFileType = sourcecode.swift; path = HTTPClient.swift; sourceTree = "<group>"; };
		3B2D94612A2F61A600A35C06 /* FeedItemsMapper.swift */ = {isa = PBXFileReference; lastKnownFileType = sourcecode.swift; path = FeedItemsMapper.swift; sourceTree = "<group>"; };
		3B2D94642A32155500A35C06 /* URLSessionHTTPClientTests.swift */ = {isa = PBXFileReference; lastKnownFileType = sourcecode.swift; path = URLSessionHTTPClientTests.swift; sourceTree = "<group>"; };
		3B2D94672A3372D500A35C06 /* XCTestCase+MemoryLeakTracking.swift */ = {isa = PBXFileReference; lastKnownFileType = sourcecode.swift; path = "XCTestCase+MemoryLeakTracking.swift"; sourceTree = "<group>"; };
		3B2D94692A33895900A35C06 /* URLSessionHTTPClient.swift */ = {isa = PBXFileReference; lastKnownFileType = sourcecode.swift; path = URLSessionHTTPClient.swift; sourceTree = "<group>"; };
		3B32BE012A41E65600CDB1EB /* LocalFeedLoader.swift */ = {isa = PBXFileReference; lastKnownFileType = sourcecode.swift; path = LocalFeedLoader.swift; sourceTree = "<group>"; };
		3B32BE032A41E6F100CDB1EB /* FeedStore.swift */ = {isa = PBXFileReference; lastKnownFileType = sourcecode.swift; path = FeedStore.swift; sourceTree = "<group>"; };
		3B32BE052A432B9100CDB1EB /* RemoteFeedItem.swift */ = {isa = PBXFileReference; lastKnownFileType = sourcecode.swift; path = RemoteFeedItem.swift; sourceTree = "<group>"; };
		3B32BE072A432C2D00CDB1EB /* LocalFeedImage.swift */ = {isa = PBXFileReference; lastKnownFileType = sourcecode.swift; path = LocalFeedImage.swift; sourceTree = "<group>"; };
		3B35DD242A54466E004DB2C4 /* CoreDataHelpers.swift */ = {isa = PBXFileReference; lastKnownFileType = sourcecode.swift; path = CoreDataHelpers.swift; sourceTree = "<group>"; };
		3B35DD262A544731004DB2C4 /* ManagedCache.swift */ = {isa = PBXFileReference; lastKnownFileType = sourcecode.swift; path = ManagedCache.swift; sourceTree = "<group>"; };
		3B35DD282A544795004DB2C4 /* ManagedFeedImage.swift */ = {isa = PBXFileReference; lastKnownFileType = sourcecode.swift; path = ManagedFeedImage.swift; sourceTree = "<group>"; };
		3B35DD2E2A558DFF004DB2C4 /* EssentialFeedCacheIntegrationTests.xctest */ = {isa = PBXFileReference; explicitFileType = wrapper.cfbundle; includeInIndex = 0; path = EssentialFeedCacheIntegrationTests.xctest; sourceTree = BUILT_PRODUCTS_DIR; };
		3B35DD302A558DFF004DB2C4 /* EssentialFeedCacheIntegrationTests.swift */ = {isa = PBXFileReference; lastKnownFileType = sourcecode.swift; path = EssentialFeedCacheIntegrationTests.swift; sourceTree = "<group>"; };
		3B3BD6272A49B69900CE976E /* ValidateFeedCacheUseCaseTests.swift */ = {isa = PBXFileReference; lastKnownFileType = sourcecode.swift; path = ValidateFeedCacheUseCaseTests.swift; sourceTree = "<group>"; };
		3B3BD6292A49BFB900CE976E /* FeedCacheTestHelpers.swift */ = {isa = PBXFileReference; lastKnownFileType = sourcecode.swift; path = FeedCacheTestHelpers.swift; sourceTree = "<group>"; };
		3B3BD62B2A49C01400CE976E /* SharedTestHelpers.swift */ = {isa = PBXFileReference; lastKnownFileType = sourcecode.swift; path = SharedTestHelpers.swift; sourceTree = "<group>"; };
		3B3BD62D2A4B253400CE976E /* FeedCachePolicy.swift */ = {isa = PBXFileReference; lastKnownFileType = sourcecode.swift; path = FeedCachePolicy.swift; sourceTree = "<group>"; };
		3B4D74902A6832FF00C91A47 /* FeedImagePresenter.swift */ = {isa = PBXFileReference; lastKnownFileType = sourcecode.swift; path = FeedImagePresenter.swift; sourceTree = "<group>"; };
		3B4D74962A6964B600C91A47 /* Feed.storyboard */ = {isa = PBXFileReference; lastKnownFileType = file.storyboard; path = Feed.storyboard; sourceTree = "<group>"; };
		3B4D74982A6964E200C91A47 /* Feed.xcassets */ = {isa = PBXFileReference; lastKnownFileType = folder.assetcatalog; path = Feed.xcassets; sourceTree = "<group>"; };
		3B4D749A2A697D3D00C91A47 /* UITableView+Dequeueing.swift */ = {isa = PBXFileReference; lastKnownFileType = sourcecode.swift; path = "UITableView+Dequeueing.swift"; sourceTree = "<group>"; };
		3B4D749C2A697E0600C91A47 /* UIImageView+Animations.swift */ = {isa = PBXFileReference; lastKnownFileType = sourcecode.swift; path = "UIImageView+Animations.swift"; sourceTree = "<group>"; };
		3B4D74A02A6AABBE00C91A47 /* FeedUIIntegrationTests+Localization.swift */ = {isa = PBXFileReference; lastKnownFileType = sourcecode.swift; path = "FeedUIIntegrationTests+Localization.swift"; sourceTree = "<group>"; };
		3B4D74A82A6AAFFB00C91A47 /* FeedLocalizationTests.swift */ = {isa = PBXFileReference; lastKnownFileType = sourcecode.swift; path = FeedLocalizationTests.swift; sourceTree = "<group>"; };
		3B5D8F782A6E963900FEB848 /* MainQueueDispatchDecorator.swift */ = {isa = PBXFileReference; lastKnownFileType = sourcecode.swift; path = MainQueueDispatchDecorator.swift; sourceTree = "<group>"; };
		3B5D8F7A2A6E96EE00FEB848 /* WeakRefVirtualProxy.swift */ = {isa = PBXFileReference; lastKnownFileType = sourcecode.swift; path = WeakRefVirtualProxy.swift; sourceTree = "<group>"; };
		3B5D8F7C2A6E975600FEB848 /* FeedImageDataLoaderPresentationAdapter.swift */ = {isa = PBXFileReference; lastKnownFileType = sourcecode.swift; path = FeedImageDataLoaderPresentationAdapter.swift; sourceTree = "<group>"; };
		3B5D8F7E2A6E97BF00FEB848 /* FeedLoaderPresentationAdapter.swift */ = {isa = PBXFileReference; lastKnownFileType = sourcecode.swift; path = FeedLoaderPresentationAdapter.swift; sourceTree = "<group>"; };
		3B5D8F802A6E980B00FEB848 /* FeedViewAdapter.swift */ = {isa = PBXFileReference; lastKnownFileType = sourcecode.swift; path = FeedViewAdapter.swift; sourceTree = "<group>"; };
		3B5D8F8A2A73E72B00FEB848 /* ErrorView.swift */ = {isa = PBXFileReference; lastKnownFileType = sourcecode.swift; path = ErrorView.swift; sourceTree = "<group>"; };
		3B5D8F8F2A73EB7400FEB848 /* UIRefreshControl+Helpers.swift */ = {isa = PBXFileReference; lastKnownFileType = sourcecode.swift; path = "UIRefreshControl+Helpers.swift"; sourceTree = "<group>"; };
		3B5D8F922A73F0F600FEB848 /* FeedPresenterTests.swift */ = {isa = PBXFileReference; lastKnownFileType = sourcecode.swift; path = FeedPresenterTests.swift; sourceTree = "<group>"; };
		3B5D8F972A74010B00FEB848 /* en */ = {isa = PBXFileReference; lastKnownFileType = text.plist.strings; name = en; path = en.lproj/Feed.strings; sourceTree = "<group>"; };
		3B5D8F992A74011000FEB848 /* el */ = {isa = PBXFileReference; lastKnownFileType = text.plist.strings; name = el; path = el.lproj/Feed.strings; sourceTree = "<group>"; };
		3B5D8F9A2A74011200FEB848 /* pt-BR */ = {isa = PBXFileReference; lastKnownFileType = text.plist.strings; name = "pt-BR"; path = "pt-BR.lproj/Feed.strings"; sourceTree = "<group>"; };
		3B5D8F9C2A7402B500FEB848 /* FeedPresenter.swift */ = {isa = PBXFileReference; lastKnownFileType = sourcecode.swift; path = FeedPresenter.swift; sourceTree = "<group>"; };
		3B5D8F9F2A7403CB00FEB848 /* FeedViewModel.swift */ = {isa = PBXFileReference; lastKnownFileType = sourcecode.swift; path = FeedViewModel.swift; sourceTree = "<group>"; };
		3B5D8FA12A74040B00FEB848 /* FeedLoadingViewModel.swift */ = {isa = PBXFileReference; lastKnownFileType = sourcecode.swift; path = FeedLoadingViewModel.swift; sourceTree = "<group>"; };
		3B5D8FA32A74046200FEB848 /* FeedErrorViewModel.swift */ = {isa = PBXFileReference; lastKnownFileType = sourcecode.swift; path = FeedErrorViewModel.swift; sourceTree = "<group>"; };
		3B5D8FA82A7409B800FEB848 /* FeedImagePresenterTests.swift */ = {isa = PBXFileReference; lastKnownFileType = sourcecode.swift; path = FeedImagePresenterTests.swift; sourceTree = "<group>"; };
		3B5D8FAA2A740FF300FEB848 /* FeedImagePresenter.swift */ = {isa = PBXFileReference; lastKnownFileType = sourcecode.swift; path = FeedImagePresenter.swift; sourceTree = "<group>"; };
		3BAD16162A52EA710071EB4D /* FeedStoreSpecs.swift */ = {isa = PBXFileReference; lastKnownFileType = sourcecode.swift; path = FeedStoreSpecs.swift; sourceTree = "<group>"; };
		3BAD16182A52EB970071EB4D /* XCTestCase+FeedStoreSpecs.swift */ = {isa = PBXFileReference; lastKnownFileType = sourcecode.swift; path = "XCTestCase+FeedStoreSpecs.swift"; sourceTree = "<group>"; };
		3BAD161A2A52EE130071EB4D /* XCTestCase+FailableRetrieveFeedStoreSpecs.swift */ = {isa = PBXFileReference; lastKnownFileType = sourcecode.swift; path = "XCTestCase+FailableRetrieveFeedStoreSpecs.swift"; sourceTree = "<group>"; };
		3BAD161C2A52EEC50071EB4D /* XCTestCase+FailableInsertFeedStoreSpecs.swift */ = {isa = PBXFileReference; lastKnownFileType = sourcecode.swift; path = "XCTestCase+FailableInsertFeedStoreSpecs.swift"; sourceTree = "<group>"; };
		3BAD161E2A52EF680071EB4D /* XCTestCase+FailableDeleteFeedStoreSpecs.swift */ = {isa = PBXFileReference; lastKnownFileType = sourcecode.swift; path = "XCTestCase+FailableDeleteFeedStoreSpecs.swift"; sourceTree = "<group>"; };
		3BAD16212A52FE510071EB4D /* CoreDataFeedStoreTests.swift */ = {isa = PBXFileReference; lastKnownFileType = sourcecode.swift; path = CoreDataFeedStoreTests.swift; sourceTree = "<group>"; };
		3BAD16232A52FF1E0071EB4D /* CoreDataFeedStore.swift */ = {isa = PBXFileReference; lastKnownFileType = sourcecode.swift; path = CoreDataFeedStore.swift; sourceTree = "<group>"; };
		3BAD16262A5301250071EB4D /* FeedStore.xcdatamodel */ = {isa = PBXFileReference; lastKnownFileType = wrapper.xcdatamodel; path = FeedStore.xcdatamodel; sourceTree = "<group>"; };
		3BDC29852A4474D500E6D8FD /* LoadFeedFromCacheUseCaseTests.swift */ = {isa = PBXFileReference; lastKnownFileType = sourcecode.swift; path = LoadFeedFromCacheUseCaseTests.swift; sourceTree = "<group>"; };
		3BDC29882A44764800E6D8FD /* FeedStoreSpy.swift */ = {isa = PBXFileReference; lastKnownFileType = sourcecode.swift; path = FeedStoreSpy.swift; sourceTree = "<group>"; };
/* End PBXFileReference section */

/* Begin PBXFrameworksBuildPhase section */
		3B0F12052A37450E0097D720 /* Frameworks */ = {
			isa = PBXFrameworksBuildPhase;
			buildActionMask = 2147483647;
			files = (
				3B0F120C2A37450E0097D720 /* EssentialFeed.framework in Frameworks */,
			);
			runOnlyForDeploymentPostprocessing = 0;
		};
		3B23A3302A5EE5D1007FD182 /* Frameworks */ = {
			isa = PBXFrameworksBuildPhase;
			buildActionMask = 2147483647;
			files = (
				3B23A34C2A604E1F007FD182 /* EssentialFeed.framework in Frameworks */,
			);
			runOnlyForDeploymentPostprocessing = 0;
		};
		3B23A3372A5EE5D2007FD182 /* Frameworks */ = {
			isa = PBXFrameworksBuildPhase;
			buildActionMask = 2147483647;
			files = (
				3B23A33B2A5EE5D3007FD182 /* EssentialFeediOS.framework in Frameworks */,
			);
			runOnlyForDeploymentPostprocessing = 0;
		};
		3B2D94342A276C7900A35C06 /* Frameworks */ = {
			isa = PBXFrameworksBuildPhase;
			buildActionMask = 2147483647;
			files = (
			);
			runOnlyForDeploymentPostprocessing = 0;
		};
		3B2D943E2A276C7A00A35C06 /* Frameworks */ = {
			isa = PBXFrameworksBuildPhase;
			buildActionMask = 2147483647;
			files = (
				3B2D94422A276C7A00A35C06 /* EssentialFeed.framework in Frameworks */,
			);
			runOnlyForDeploymentPostprocessing = 0;
		};
		3B35DD2B2A558DFE004DB2C4 /* Frameworks */ = {
			isa = PBXFrameworksBuildPhase;
			buildActionMask = 2147483647;
			files = (
				3B35DD322A558DFF004DB2C4 /* EssentialFeed.framework in Frameworks */,
			);
			runOnlyForDeploymentPostprocessing = 0;
		};
/* End PBXFrameworksBuildPhase section */

/* Begin PBXGroup section */
		3B0F12092A37450E0097D720 /* EssentialFeedAPIEndToEndTests */ = {
			isa = PBXGroup;
			children = (
				3B0F120A2A37450E0097D720 /* EssentialFeedAPIEndToEndTests.swift */,
			);
			path = EssentialFeedAPIEndToEndTests;
			sourceTree = "<group>";
		};
		3B0F12172A4084550097D720 /* Feed Cache */ = {
			isa = PBXGroup;
			children = (
				3BDC29872A44763700E6D8FD /* Helpers */,
				3BAD16202A52F06F0071EB4D /* FeedStoreSpecs */,
				3B0F12182A4084950097D720 /* CacheFeedUseCaseTests.swift */,
				3BDC29852A4474D500E6D8FD /* LoadFeedFromCacheUseCaseTests.swift */,
				3B3BD6272A49B69900CE976E /* ValidateFeedCacheUseCaseTests.swift */,
				3BAD16212A52FE510071EB4D /* CoreDataFeedStoreTests.swift */,
			);
			path = "Feed Cache";
			sourceTree = "<group>";
		};
		3B23A3342A5EE5D2007FD182 /* EssentialFeediOS */ = {
			isa = PBXGroup;
			children = (
				3B23A36B2A65782D007FD182 /* Feed Image Loader */,
				3B23A3752A66E069007FD182 /* Feed Presentation */,
				3B23A3672A657715007FD182 /* Feed UI */,
			);
			path = EssentialFeediOS;
			sourceTree = "<group>";
		};
		3B23A33E2A5EE5D3007FD182 /* EssentialFeediOSTests */ = {
			isa = PBXGroup;
			children = (
				3B23A3682A657747007FD182 /* Feed UI */,
				3B23A3482A604B70007FD182 /* EssentialFeediOSTests-Bridging-Header.h */,
			);
			path = EssentialFeediOSTests;
			sourceTree = "<group>";
		};
		3B23A34B2A604E1F007FD182 /* Frameworks */ = {
			isa = PBXGroup;
			children = (
			);
			name = Frameworks;
			sourceTree = "<group>";
		};
		3B23A3542A6571A9007FD182 /* Helpers */ = {
			isa = PBXGroup;
			children = (
				3B23A3552A6571BC007FD182 /* UIImage+TestHelpers.swift */,
				3B23A3652A65760C007FD182 /* FeedUIIntegrationTests+Assertions.swift */,
				3B23A3632A657566007FD182 /* FeedUIIntegrationTests+LoaderSpy.swift */,
				3B23A35F2A6574A0007FD182 /* FeedViewController+TestHelpers.swift */,
				3B4D74A02A6AABBE00C91A47 /* FeedUIIntegrationTests+Localization.swift */,
				3B23A3612A657509007FD182 /* FeedImageCell+TestHelpers.swift */,
				3B23A3592A6572CF007FD182 /* UIButton+TestHelpers.swift */,
				3B23A35B2A657326007FD182 /* UIControl+TestHelpers.swift */,
				3B23A3572A657283007FD182 /* UIRefreshControl+TestHelpers.swift */,
			);
			path = Helpers;
			sourceTree = "<group>";
		};
		3B23A35D2A6573E7007FD182 /* Controllers */ = {
			isa = PBXGroup;
			children = (
				3B23A34E2A605779007FD182 /* FeedViewController.swift */,
				3B23A36E2A658BE5007FD182 /* FeedImageCellController.swift */,
			);
			path = Controllers;
			sourceTree = "<group>";
		};
		3B23A35E2A6573FD007FD182 /* Views */ = {
			isa = PBXGroup;
			children = (
				3B5D8F8C2A73EAA400FEB848 /* Helpers */,
				3B23A3502A618AEE007FD182 /* FeedImageCell.swift */,
				3B5D8F8A2A73E72B00FEB848 /* ErrorView.swift */,
				3B4D74962A6964B600C91A47 /* Feed.storyboard */,
				3B4D74982A6964E200C91A47 /* Feed.xcassets */,
			);
			path = Views;
			sourceTree = "<group>";
		};
		3B23A3672A657715007FD182 /* Feed UI */ = {
			isa = PBXGroup;
			children = (
				3B23A3722A659522007FD182 /* Composers */,
				3B23A35D2A6573E7007FD182 /* Controllers */,
				3B23A35E2A6573FD007FD182 /* Views */,
			);
			path = "Feed UI";
			sourceTree = "<group>";
		};
		3B23A3682A657747007FD182 /* Feed UI */ = {
			isa = PBXGroup;
			children = (
				3B23A3492A604B72007FD182 /* FeedUIIntegrationTests.swift */,
				3B23A3542A6571A9007FD182 /* Helpers */,
			);
			path = "Feed UI";
			sourceTree = "<group>";
		};
		3B23A36B2A65782D007FD182 /* Feed Image Loader */ = {
			isa = PBXGroup;
			children = (
				3B23A3692A657813007FD182 /* FeedImageDataLoader.swift */,
			);
			path = "Feed Image Loader";
			sourceTree = "<group>";
		};
		3B23A3722A659522007FD182 /* Composers */ = {
			isa = PBXGroup;
			children = (
				3B23A3702A65951D007FD182 /* FeedUIComposer.swift */,
				3B5D8F782A6E963900FEB848 /* MainQueueDispatchDecorator.swift */,
				3B5D8F7A2A6E96EE00FEB848 /* WeakRefVirtualProxy.swift */,
				3B5D8F7C2A6E975600FEB848 /* FeedImageDataLoaderPresentationAdapter.swift */,
				3B5D8F7E2A6E97BF00FEB848 /* FeedLoaderPresentationAdapter.swift */,
				3B5D8F802A6E980B00FEB848 /* FeedViewAdapter.swift */,
			);
			path = Composers;
			sourceTree = "<group>";
		};
		3B23A3752A66E069007FD182 /* Feed Presentation */ = {
			isa = PBXGroup;
			children = (
				3B4D74902A6832FF00C91A47 /* FeedImagePresenter.swift */,
				3B23A3762A66E446007FD182 /* FeedImageViewModel.swift */,
			);
			path = "Feed Presentation";
			sourceTree = "<group>";
		};
		3B2D942D2A276C7900A35C06 = {
			isa = PBXGroup;
			children = (
				3B0F12152A4068E30097D720 /* README.md */,
				3B2D94392A276C7900A35C06 /* EssentialFeed */,
				3B2D94452A276C7A00A35C06 /* EssentialFeedTests */,
				3B0F12092A37450E0097D720 /* EssentialFeedAPIEndToEndTests */,
				3B35DD2F2A558DFF004DB2C4 /* EssentialFeedCacheIntegrationTests */,
				3B23A3342A5EE5D2007FD182 /* EssentialFeediOS */,
				3B23A33E2A5EE5D3007FD182 /* EssentialFeediOSTests */,
				3B2D94382A276C7900A35C06 /* Products */,
				3B23A34B2A604E1F007FD182 /* Frameworks */,
			);
			sourceTree = "<group>";
		};
		3B2D94382A276C7900A35C06 /* Products */ = {
			isa = PBXGroup;
			children = (
				3B2D94372A276C7900A35C06 /* EssentialFeed.framework */,
				3B2D94412A276C7A00A35C06 /* EssentialFeedTests.xctest */,
				3B0F12082A37450E0097D720 /* EssentialFeedAPIEndToEndTests.xctest */,
				3B35DD2E2A558DFF004DB2C4 /* EssentialFeedCacheIntegrationTests.xctest */,
				3B23A3332A5EE5D1007FD182 /* EssentialFeediOS.framework */,
				3B23A33A2A5EE5D2007FD182 /* EssentialFeediOSTests.xctest */,
			);
			name = Products;
			sourceTree = "<group>";
		};
		3B2D94392A276C7900A35C06 /* EssentialFeed */ = {
			isa = PBXGroup;
			children = (
				3B32BE002A41E60000CDB1EB /* Feed Cache */,
				3B2D94552A276F9100A35C06 /* FeedFeature */,
				3B2D945E2A28D73700A35C06 /* Feed API */,
				3B5D8F9B2A74023300FEB848 /* Feed Presentattion */,
				3B2D943A2A276C7900A35C06 /* EssentialFeed.h */,
				3B2D943B2A276C7900A35C06 /* EssentialFeed.docc */,
			);
			path = EssentialFeed;
			sourceTree = "<group>";
		};
		3B2D94452A276C7A00A35C06 /* EssentialFeedTests */ = {
			isa = PBXGroup;
			children = (
				3B2D94662A3372C300A35C06 /* Helpers */,
				3B0F12172A4084550097D720 /* Feed Cache */,
				3B2D94632A2F70F900A35C06 /* Feed API */,
				3B5D8F912A73F0D900FEB848 /* Feed Presentation */,
			);
			path = EssentialFeedTests;
			sourceTree = "<group>";
		};
		3B2D94552A276F9100A35C06 /* FeedFeature */ = {
			isa = PBXGroup;
			children = (
				3B2D94512A276CB000A35C06 /* FeedImage.swift */,
				3B2D94532A276EED00A35C06 /* FeedLoader.swift */,
			);
			path = FeedFeature;
			sourceTree = "<group>";
		};
		3B2D945E2A28D73700A35C06 /* Feed API */ = {
			isa = PBXGroup;
			children = (
				3B2D945C2A28D72E00A35C06 /* RemoteFeedLoader.swift */,
				3B2D94612A2F61A600A35C06 /* FeedItemsMapper.swift */,
				3B32BE052A432B9100CDB1EB /* RemoteFeedItem.swift */,
				3B2D945F2A2F60FC00A35C06 /* HTTPClient.swift */,
				3B2D94692A33895900A35C06 /* URLSessionHTTPClient.swift */,
			);
			path = "Feed API";
			sourceTree = "<group>";
		};
		3B2D94632A2F70F900A35C06 /* Feed API */ = {
			isa = PBXGroup;
			children = (
				3B2D94462A276C7A00A35C06 /* LoadFeedFromRemoteUseCaseTests.swift */,
				3B2D94642A32155500A35C06 /* URLSessionHTTPClientTests.swift */,
			);
			path = "Feed API";
			sourceTree = "<group>";
		};
		3B2D94662A3372C300A35C06 /* Helpers */ = {
			isa = PBXGroup;
			children = (
				3B2D94672A3372D500A35C06 /* XCTestCase+MemoryLeakTracking.swift */,
				3B3BD62B2A49C01400CE976E /* SharedTestHelpers.swift */,
			);
			path = Helpers;
			sourceTree = "<group>";
		};
		3B32BE002A41E60000CDB1EB /* Feed Cache */ = {
			isa = PBXGroup;
			children = (
				3B35DD212A544505004DB2C4 /* Infrastructure */,
				3B32BE012A41E65600CDB1EB /* LocalFeedLoader.swift */,
				3B32BE032A41E6F100CDB1EB /* FeedStore.swift */,
				3B32BE072A432C2D00CDB1EB /* LocalFeedImage.swift */,
				3B3BD62D2A4B253400CE976E /* FeedCachePolicy.swift */,
			);
			path = "Feed Cache";
			sourceTree = "<group>";
		};
		3B35DD212A544505004DB2C4 /* Infrastructure */ = {
			isa = PBXGroup;
			children = (
				3B35DD222A544518004DB2C4 /* CoreData */,
			);
			path = Infrastructure;
			sourceTree = "<group>";
		};
		3B35DD222A544518004DB2C4 /* CoreData */ = {
			isa = PBXGroup;
			children = (
				3BAD16232A52FF1E0071EB4D /* CoreDataFeedStore.swift */,
				3B35DD242A54466E004DB2C4 /* CoreDataHelpers.swift */,
				3B35DD262A544731004DB2C4 /* ManagedCache.swift */,
				3B35DD282A544795004DB2C4 /* ManagedFeedImage.swift */,
				3BAD16252A5301250071EB4D /* FeedStore.xcdatamodeld */,
			);
			path = CoreData;
			sourceTree = "<group>";
		};
		3B35DD2F2A558DFF004DB2C4 /* EssentialFeedCacheIntegrationTests */ = {
			isa = PBXGroup;
			children = (
				3B35DD302A558DFF004DB2C4 /* EssentialFeedCacheIntegrationTests.swift */,
			);
			path = EssentialFeedCacheIntegrationTests;
			sourceTree = "<group>";
		};
		3B5D8F8C2A73EAA400FEB848 /* Helpers */ = {
			isa = PBXGroup;
			children = (
				3B23A3522A619B6F007FD182 /* UIView+Shimmering.swift */,
				3B4D749A2A697D3D00C91A47 /* UITableView+Dequeueing.swift */,
				3B4D749C2A697E0600C91A47 /* UIImageView+Animations.swift */,
				3B5D8F8F2A73EB7400FEB848 /* UIRefreshControl+Helpers.swift */,
			);
			path = Helpers;
			sourceTree = "<group>";
		};
		3B5D8F912A73F0D900FEB848 /* Feed Presentation */ = {
			isa = PBXGroup;
			children = (
				3B5D8F922A73F0F600FEB848 /* FeedPresenterTests.swift */,
				3B4D74A82A6AAFFB00C91A47 /* FeedLocalizationTests.swift */,
				3B5D8FA82A7409B800FEB848 /* FeedImagePresenterTests.swift */,
			);
			path = "Feed Presentation";
			sourceTree = "<group>";
		};
		3B5D8F9B2A74023300FEB848 /* Feed Presentattion */ = {
			isa = PBXGroup;
			children = (
				3B5D8F9C2A7402B500FEB848 /* FeedPresenter.swift */,
				3B5D8F9F2A7403CB00FEB848 /* FeedViewModel.swift */,
				3B5D8FA32A74046200FEB848 /* FeedErrorViewModel.swift */,
				3B5D8FA12A74040B00FEB848 /* FeedLoadingViewModel.swift */,
				3B5D8FAA2A740FF300FEB848 /* FeedImagePresenter.swift */,
				3B5D8F982A74010B00FEB848 /* Feed.strings */,
			);
			path = "Feed Presentattion";
			sourceTree = "<group>";
		};
		3BAD16202A52F06F0071EB4D /* FeedStoreSpecs */ = {
			isa = PBXGroup;
			children = (
				3BAD16162A52EA710071EB4D /* FeedStoreSpecs.swift */,
				3BAD16182A52EB970071EB4D /* XCTestCase+FeedStoreSpecs.swift */,
				3BAD161A2A52EE130071EB4D /* XCTestCase+FailableRetrieveFeedStoreSpecs.swift */,
				3BAD161C2A52EEC50071EB4D /* XCTestCase+FailableInsertFeedStoreSpecs.swift */,
				3BAD161E2A52EF680071EB4D /* XCTestCase+FailableDeleteFeedStoreSpecs.swift */,
			);
			path = FeedStoreSpecs;
			sourceTree = "<group>";
		};
		3BDC29872A44763700E6D8FD /* Helpers */ = {
			isa = PBXGroup;
			children = (
				3BDC29882A44764800E6D8FD /* FeedStoreSpy.swift */,
				3B3BD6292A49BFB900CE976E /* FeedCacheTestHelpers.swift */,
			);
			path = Helpers;
			sourceTree = "<group>";
		};
/* End PBXGroup section */

/* Begin PBXHeadersBuildPhase section */
		3B23A32E2A5EE5D1007FD182 /* Headers */ = {
			isa = PBXHeadersBuildPhase;
			buildActionMask = 2147483647;
			files = (
			);
			runOnlyForDeploymentPostprocessing = 0;
		};
		3B2D94322A276C7900A35C06 /* Headers */ = {
			isa = PBXHeadersBuildPhase;
			buildActionMask = 2147483647;
			files = (
				3B2D94482A276C7A00A35C06 /* EssentialFeed.h in Headers */,
			);
			runOnlyForDeploymentPostprocessing = 0;
		};
/* End PBXHeadersBuildPhase section */

/* Begin PBXNativeTarget section */
		3B0F12072A37450E0097D720 /* EssentialFeedAPIEndToEndTests */ = {
			isa = PBXNativeTarget;
			buildConfigurationList = 3B0F12112A37450E0097D720 /* Build configuration list for PBXNativeTarget "EssentialFeedAPIEndToEndTests" */;
			buildPhases = (
				3B0F12042A37450E0097D720 /* Sources */,
				3B0F12052A37450E0097D720 /* Frameworks */,
				3B0F12062A37450E0097D720 /* Resources */,
			);
			buildRules = (
			);
			dependencies = (
				3B0F120E2A37450E0097D720 /* PBXTargetDependency */,
			);
			name = EssentialFeedAPIEndToEndTests;
			productName = EssentialFeedAPIEndToEndTests;
			productReference = 3B0F12082A37450E0097D720 /* EssentialFeedAPIEndToEndTests.xctest */;
			productType = "com.apple.product-type.bundle.unit-test";
		};
		3B23A3322A5EE5D1007FD182 /* EssentialFeediOS */ = {
			isa = PBXNativeTarget;
			buildConfigurationList = 3B23A3422A5EE5D3007FD182 /* Build configuration list for PBXNativeTarget "EssentialFeediOS" */;
			buildPhases = (
				3B23A32E2A5EE5D1007FD182 /* Headers */,
				3B23A32F2A5EE5D1007FD182 /* Sources */,
				3B23A3302A5EE5D1007FD182 /* Frameworks */,
				3B23A3312A5EE5D1007FD182 /* Resources */,
			);
			buildRules = (
			);
			dependencies = (
			);
			name = EssentialFeediOS;
			productName = EssentialFeediOS;
			productReference = 3B23A3332A5EE5D1007FD182 /* EssentialFeediOS.framework */;
			productType = "com.apple.product-type.framework";
		};
		3B23A3392A5EE5D2007FD182 /* EssentialFeediOSTests */ = {
			isa = PBXNativeTarget;
			buildConfigurationList = 3B23A3452A5EE5D3007FD182 /* Build configuration list for PBXNativeTarget "EssentialFeediOSTests" */;
			buildPhases = (
				3B23A3362A5EE5D2007FD182 /* Sources */,
				3B23A3372A5EE5D2007FD182 /* Frameworks */,
				3B23A3382A5EE5D2007FD182 /* Resources */,
			);
			buildRules = (
			);
			dependencies = (
				3B23A33D2A5EE5D3007FD182 /* PBXTargetDependency */,
			);
			name = EssentialFeediOSTests;
			productName = EssentialFeediOSTests;
			productReference = 3B23A33A2A5EE5D2007FD182 /* EssentialFeediOSTests.xctest */;
			productType = "com.apple.product-type.bundle.unit-test";
		};
		3B2D94362A276C7900A35C06 /* EssentialFeed */ = {
			isa = PBXNativeTarget;
			buildConfigurationList = 3B2D944B2A276C7A00A35C06 /* Build configuration list for PBXNativeTarget "EssentialFeed" */;
			buildPhases = (
				3B2D94322A276C7900A35C06 /* Headers */,
				3B2D94332A276C7900A35C06 /* Sources */,
				3B2D94342A276C7900A35C06 /* Frameworks */,
				3B2D94352A276C7900A35C06 /* Resources */,
			);
			buildRules = (
			);
			dependencies = (
			);
			name = EssentialFeed;
			productName = EssentialFeed;
			productReference = 3B2D94372A276C7900A35C06 /* EssentialFeed.framework */;
			productType = "com.apple.product-type.framework";
		};
		3B2D94402A276C7A00A35C06 /* EssentialFeedTests */ = {
			isa = PBXNativeTarget;
			buildConfigurationList = 3B2D944E2A276C7A00A35C06 /* Build configuration list for PBXNativeTarget "EssentialFeedTests" */;
			buildPhases = (
				3B2D943D2A276C7A00A35C06 /* Sources */,
				3B2D943E2A276C7A00A35C06 /* Frameworks */,
				3B2D943F2A276C7A00A35C06 /* Resources */,
			);
			buildRules = (
			);
			dependencies = (
				3B2D94442A276C7A00A35C06 /* PBXTargetDependency */,
			);
			name = EssentialFeedTests;
			productName = EssentialFeedTests;
			productReference = 3B2D94412A276C7A00A35C06 /* EssentialFeedTests.xctest */;
			productType = "com.apple.product-type.bundle.unit-test";
		};
		3B35DD2D2A558DFE004DB2C4 /* EssentialFeedCacheIntegrationTests */ = {
			isa = PBXNativeTarget;
			buildConfigurationList = 3B35DD352A558DFF004DB2C4 /* Build configuration list for PBXNativeTarget "EssentialFeedCacheIntegrationTests" */;
			buildPhases = (
				3B35DD2A2A558DFE004DB2C4 /* Sources */,
				3B35DD2B2A558DFE004DB2C4 /* Frameworks */,
				3B35DD2C2A558DFE004DB2C4 /* Resources */,
			);
			buildRules = (
			);
			dependencies = (
				3B35DD342A558DFF004DB2C4 /* PBXTargetDependency */,
			);
			name = EssentialFeedCacheIntegrationTests;
			productName = EssentialFeedCacheIntegrationTests;
			productReference = 3B35DD2E2A558DFF004DB2C4 /* EssentialFeedCacheIntegrationTests.xctest */;
			productType = "com.apple.product-type.bundle.unit-test";
		};
/* End PBXNativeTarget section */

/* Begin PBXProject section */
		3B2D942E2A276C7900A35C06 /* Project object */ = {
			isa = PBXProject;
			attributes = {
				BuildIndependentTargetsInParallel = 1;
				LastSwiftUpdateCheck = 1420;
				LastUpgradeCheck = 1420;
				TargetAttributes = {
					3B0F12072A37450E0097D720 = {
						CreatedOnToolsVersion = 14.2;
					};
					3B23A3322A5EE5D1007FD182 = {
						CreatedOnToolsVersion = 14.2;
						LastSwiftMigration = 1420;
					};
					3B23A3392A5EE5D2007FD182 = {
						CreatedOnToolsVersion = 14.2;
						LastSwiftMigration = 1420;
					};
					3B2D94362A276C7900A35C06 = {
						CreatedOnToolsVersion = 14.2;
					};
					3B2D94402A276C7A00A35C06 = {
						CreatedOnToolsVersion = 14.2;
					};
					3B35DD2D2A558DFE004DB2C4 = {
						CreatedOnToolsVersion = 14.2;
					};
				};
			};
			buildConfigurationList = 3B2D94312A276C7900A35C06 /* Build configuration list for PBXProject "EssentialFeed" */;
			compatibilityVersion = "Xcode 14.0";
			developmentRegion = en;
			hasScannedForEncodings = 0;
			knownRegions = (
				en,
				Base,
				"pt-BR",
				el,
			);
			mainGroup = 3B2D942D2A276C7900A35C06;
			productRefGroup = 3B2D94382A276C7900A35C06 /* Products */;
			projectDirPath = "";
			projectRoot = "";
			targets = (
				3B2D94362A276C7900A35C06 /* EssentialFeed */,
				3B2D94402A276C7A00A35C06 /* EssentialFeedTests */,
				3B0F12072A37450E0097D720 /* EssentialFeedAPIEndToEndTests */,
				3B35DD2D2A558DFE004DB2C4 /* EssentialFeedCacheIntegrationTests */,
				3B23A3322A5EE5D1007FD182 /* EssentialFeediOS */,
				3B23A3392A5EE5D2007FD182 /* EssentialFeediOSTests */,
			);
		};
/* End PBXProject section */

/* Begin PBXResourcesBuildPhase section */
		3B0F12062A37450E0097D720 /* Resources */ = {
			isa = PBXResourcesBuildPhase;
			buildActionMask = 2147483647;
			files = (
			);
			runOnlyForDeploymentPostprocessing = 0;
		};
		3B23A3312A5EE5D1007FD182 /* Resources */ = {
			isa = PBXResourcesBuildPhase;
			buildActionMask = 2147483647;
			files = (
				3B4D74972A6964B700C91A47 /* Feed.storyboard in Resources */,
				3B4D74992A6964E200C91A47 /* Feed.xcassets in Resources */,
			);
			runOnlyForDeploymentPostprocessing = 0;
		};
		3B23A3382A5EE5D2007FD182 /* Resources */ = {
			isa = PBXResourcesBuildPhase;
			buildActionMask = 2147483647;
			files = (
			);
			runOnlyForDeploymentPostprocessing = 0;
		};
		3B2D94352A276C7900A35C06 /* Resources */ = {
			isa = PBXResourcesBuildPhase;
			buildActionMask = 2147483647;
			files = (
				3B5D8F9E2A74035F00FEB848 /* Feed.strings in Resources */,
				3B0F12162A4068E40097D720 /* README.md in Resources */,
			);
			runOnlyForDeploymentPostprocessing = 0;
		};
		3B2D943F2A276C7A00A35C06 /* Resources */ = {
			isa = PBXResourcesBuildPhase;
			buildActionMask = 2147483647;
			files = (
			);
			runOnlyForDeploymentPostprocessing = 0;
		};
		3B35DD2C2A558DFE004DB2C4 /* Resources */ = {
			isa = PBXResourcesBuildPhase;
			buildActionMask = 2147483647;
			files = (
			);
			runOnlyForDeploymentPostprocessing = 0;
		};
/* End PBXResourcesBuildPhase section */

/* Begin PBXSourcesBuildPhase section */
		3B0F12042A37450E0097D720 /* Sources */ = {
			isa = PBXSourcesBuildPhase;
			buildActionMask = 2147483647;
			files = (
				3B0F120B2A37450E0097D720 /* EssentialFeedAPIEndToEndTests.swift in Sources */,
				3B0F12122A374B8A0097D720 /* XCTestCase+MemoryLeakTracking.swift in Sources */,
			);
			runOnlyForDeploymentPostprocessing = 0;
		};
		3B23A32F2A5EE5D1007FD182 /* Sources */ = {
			isa = PBXSourcesBuildPhase;
			buildActionMask = 2147483647;
			files = (
				3B23A36A2A657813007FD182 /* FeedImageDataLoader.swift in Sources */,
				3B5D8F8B2A73E72B00FEB848 /* ErrorView.swift in Sources */,
				3B5D8F902A73EB7400FEB848 /* UIRefreshControl+Helpers.swift in Sources */,
				3B4D749B2A697D3D00C91A47 /* UITableView+Dequeueing.swift in Sources */,
				3B23A3532A619B6F007FD182 /* UIView+Shimmering.swift in Sources */,
				3B5D8F7F2A6E97BF00FEB848 /* FeedLoaderPresentationAdapter.swift in Sources */,
				3B4D74912A6832FF00C91A47 /* FeedImagePresenter.swift in Sources */,
				3B5D8F7B2A6E96EE00FEB848 /* WeakRefVirtualProxy.swift in Sources */,
				3B4D749D2A697E0600C91A47 /* UIImageView+Animations.swift in Sources */,
				3B5D8F792A6E963900FEB848 /* MainQueueDispatchDecorator.swift in Sources */,
				3B23A34F2A605779007FD182 /* FeedViewController.swift in Sources */,
				3B23A3512A618AEE007FD182 /* FeedImageCell.swift in Sources */,
				3B5D8F7D2A6E975600FEB848 /* FeedImageDataLoaderPresentationAdapter.swift in Sources */,
				3B23A3772A66E446007FD182 /* FeedImageViewModel.swift in Sources */,
				3B23A36F2A658BE5007FD182 /* FeedImageCellController.swift in Sources */,
				3B5D8F812A6E980B00FEB848 /* FeedViewAdapter.swift in Sources */,
				3B23A3712A65951D007FD182 /* FeedUIComposer.swift in Sources */,
			);
			runOnlyForDeploymentPostprocessing = 0;
		};
		3B23A3362A5EE5D2007FD182 /* Sources */ = {
			isa = PBXSourcesBuildPhase;
			buildActionMask = 2147483647;
			files = (
				3B23A34A2A604B72007FD182 /* FeedUIIntegrationTests.swift in Sources */,
				3B23A3662A65760C007FD182 /* FeedUIIntegrationTests+Assertions.swift in Sources */,
				3B23A35A2A6572CF007FD182 /* UIButton+TestHelpers.swift in Sources */,
				3B23A3582A657283007FD182 /* UIRefreshControl+TestHelpers.swift in Sources */,
				3B23A35C2A657326007FD182 /* UIControl+TestHelpers.swift in Sources */,
				3B23A3642A657566007FD182 /* FeedUIIntegrationTests+LoaderSpy.swift in Sources */,
				3B23A3602A6574A0007FD182 /* FeedViewController+TestHelpers.swift in Sources */,
				3B23A34D2A604F36007FD182 /* XCTestCase+MemoryLeakTracking.swift in Sources */,
				3B4D74A12A6AABBE00C91A47 /* FeedUIIntegrationTests+Localization.swift in Sources */,
				3B23A3562A6571BC007FD182 /* UIImage+TestHelpers.swift in Sources */,
				3B23A3622A657509007FD182 /* FeedImageCell+TestHelpers.swift in Sources */,
			);
			runOnlyForDeploymentPostprocessing = 0;
		};
		3B2D94332A276C7900A35C06 /* Sources */ = {
			isa = PBXSourcesBuildPhase;
			buildActionMask = 2147483647;
			files = (
				3B5D8FA02A7403CB00FEB848 /* FeedViewModel.swift in Sources */,
				3B32BE082A432C2D00CDB1EB /* LocalFeedImage.swift in Sources */,
				3BAD16272A5301250071EB4D /* FeedStore.xcdatamodeld in Sources */,
				3B5D8FA42A74046200FEB848 /* FeedErrorViewModel.swift in Sources */,
				3B32BE042A41E6F100CDB1EB /* FeedStore.swift in Sources */,
				3B2D946A2A33895900A35C06 /* URLSessionHTTPClient.swift in Sources */,
				3B5D8FAB2A740FF300FEB848 /* FeedImagePresenter.swift in Sources */,
				3B5D8F9D2A7402B500FEB848 /* FeedPresenter.swift in Sources */,
				3B2D945D2A28D72E00A35C06 /* RemoteFeedLoader.swift in Sources */,
				3B5D8FA22A74040B00FEB848 /* FeedLoadingViewModel.swift in Sources */,
				3B2D94602A2F60FC00A35C06 /* HTTPClient.swift in Sources */,
				3B35DD252A54466E004DB2C4 /* CoreDataHelpers.swift in Sources */,
				3B2D94542A276EED00A35C06 /* FeedLoader.swift in Sources */,
				3BAD16242A52FF1E0071EB4D /* CoreDataFeedStore.swift in Sources */,
				3B35DD272A544731004DB2C4 /* ManagedCache.swift in Sources */,
				3B2D94622A2F61A600A35C06 /* FeedItemsMapper.swift in Sources */,
				3B32BE062A432B9100CDB1EB /* RemoteFeedItem.swift in Sources */,
				3B3BD62E2A4B253400CE976E /* FeedCachePolicy.swift in Sources */,
				3B2D943C2A276C7A00A35C06 /* EssentialFeed.docc in Sources */,
				3B35DD292A544795004DB2C4 /* ManagedFeedImage.swift in Sources */,
				3B32BE022A41E65600CDB1EB /* LocalFeedLoader.swift in Sources */,
				3B2D94522A276CB000A35C06 /* FeedImage.swift in Sources */,
			);
			runOnlyForDeploymentPostprocessing = 0;
		};
		3B2D943D2A276C7A00A35C06 /* Sources */ = {
			isa = PBXSourcesBuildPhase;
			buildActionMask = 2147483647;
			files = (
				3B3BD62A2A49BFB900CE976E /* FeedCacheTestHelpers.swift in Sources */,
				3B3BD6282A49B69900CE976E /* ValidateFeedCacheUseCaseTests.swift in Sources */,
				3B5D8F932A73F0F600FEB848 /* FeedPresenterTests.swift in Sources */,
				3B2D94472A276C7A00A35C06 /* LoadFeedFromRemoteUseCaseTests.swift in Sources */,
				3B5D8FA92A7409B800FEB848 /* FeedImagePresenterTests.swift in Sources */,
				3BAD161D2A52EEC50071EB4D /* XCTestCase+FailableInsertFeedStoreSpecs.swift in Sources */,
				3B5D8FA72A7407A500FEB848 /* FeedLocalizationTests.swift in Sources */,
				3B2D94652A32155500A35C06 /* URLSessionHTTPClientTests.swift in Sources */,
				3BDC29892A44764900E6D8FD /* FeedStoreSpy.swift in Sources */,
				3B3BD62C2A49C01400CE976E /* SharedTestHelpers.swift in Sources */,
				3B0F12192A4084950097D720 /* CacheFeedUseCaseTests.swift in Sources */,
				3BAD161F2A52EF680071EB4D /* XCTestCase+FailableDeleteFeedStoreSpecs.swift in Sources */,
				3BAD161B2A52EE130071EB4D /* XCTestCase+FailableRetrieveFeedStoreSpecs.swift in Sources */,
				3BDC29862A4474D500E6D8FD /* LoadFeedFromCacheUseCaseTests.swift in Sources */,
				3BAD16172A52EA710071EB4D /* FeedStoreSpecs.swift in Sources */,
				3B2D94682A3372D500A35C06 /* XCTestCase+MemoryLeakTracking.swift in Sources */,
				3BAD16222A52FE510071EB4D /* CoreDataFeedStoreTests.swift in Sources */,
				3BAD16192A52EB970071EB4D /* XCTestCase+FeedStoreSpecs.swift in Sources */,
			);
			runOnlyForDeploymentPostprocessing = 0;
		};
		3B35DD2A2A558DFE004DB2C4 /* Sources */ = {
			isa = PBXSourcesBuildPhase;
			buildActionMask = 2147483647;
			files = (
				3B35DD3A2A55944D004DB2C4 /* SharedTestHelpers.swift in Sources */,
				3B35DD312A558DFF004DB2C4 /* EssentialFeedCacheIntegrationTests.swift in Sources */,
				3B35DD392A559445004DB2C4 /* FeedCacheTestHelpers.swift in Sources */,
				3B35DD382A55902F004DB2C4 /* XCTestCase+MemoryLeakTracking.swift in Sources */,
			);
			runOnlyForDeploymentPostprocessing = 0;
		};
/* End PBXSourcesBuildPhase section */

/* Begin PBXTargetDependency section */
		3B0F120E2A37450E0097D720 /* PBXTargetDependency */ = {
			isa = PBXTargetDependency;
			target = 3B2D94362A276C7900A35C06 /* EssentialFeed */;
			targetProxy = 3B0F120D2A37450E0097D720 /* PBXContainerItemProxy */;
		};
		3B23A33D2A5EE5D3007FD182 /* PBXTargetDependency */ = {
			isa = PBXTargetDependency;
			target = 3B23A3322A5EE5D1007FD182 /* EssentialFeediOS */;
			targetProxy = 3B23A33C2A5EE5D3007FD182 /* PBXContainerItemProxy */;
		};
		3B2D94442A276C7A00A35C06 /* PBXTargetDependency */ = {
			isa = PBXTargetDependency;
			target = 3B2D94362A276C7900A35C06 /* EssentialFeed */;
			targetProxy = 3B2D94432A276C7A00A35C06 /* PBXContainerItemProxy */;
		};
		3B35DD342A558DFF004DB2C4 /* PBXTargetDependency */ = {
			isa = PBXTargetDependency;
			target = 3B2D94362A276C7900A35C06 /* EssentialFeed */;
			targetProxy = 3B35DD332A558DFF004DB2C4 /* PBXContainerItemProxy */;
		};
/* End PBXTargetDependency section */

/* Begin PBXVariantGroup section */
		3B5D8F982A74010B00FEB848 /* Feed.strings */ = {
			isa = PBXVariantGroup;
			children = (
				3B5D8F972A74010B00FEB848 /* en */,
				3B5D8F992A74011000FEB848 /* el */,
				3B5D8F9A2A74011200FEB848 /* pt-BR */,
			);
			name = Feed.strings;
			sourceTree = "<group>";
		};
/* End PBXVariantGroup section */

/* Begin XCBuildConfiguration section */
		3B0F120F2A37450E0097D720 /* Debug */ = {
			isa = XCBuildConfiguration;
			buildSettings = {
				CODE_SIGN_STYLE = Automatic;
				CURRENT_PROJECT_VERSION = 1;
				DEVELOPMENT_TEAM = 6423MBW33K;
				GENERATE_INFOPLIST_FILE = YES;
				MARKETING_VERSION = 1.0;
				PRODUCT_BUNDLE_IDENTIFIER = com.shekunsky.EssentialFeedAPIEndToEndTests;
				PRODUCT_NAME = "$(TARGET_NAME)";
				SUPPORTED_PLATFORMS = "macosx iphonesimulator iphoneos";
				SWIFT_EMIT_LOC_STRINGS = NO;
				SWIFT_VERSION = 5.0;
			};
			name = Debug;
		};
		3B0F12102A37450E0097D720 /* Release */ = {
			isa = XCBuildConfiguration;
			buildSettings = {
				CODE_SIGN_STYLE = Automatic;
				CURRENT_PROJECT_VERSION = 1;
				DEVELOPMENT_TEAM = 6423MBW33K;
				GENERATE_INFOPLIST_FILE = YES;
				MARKETING_VERSION = 1.0;
				PRODUCT_BUNDLE_IDENTIFIER = com.shekunsky.EssentialFeedAPIEndToEndTests;
				PRODUCT_NAME = "$(TARGET_NAME)";
				SUPPORTED_PLATFORMS = "macosx iphonesimulator iphoneos";
				SWIFT_EMIT_LOC_STRINGS = NO;
				SWIFT_VERSION = 5.0;
			};
			name = Release;
		};
		3B23A3432A5EE5D3007FD182 /* Debug */ = {
			isa = XCBuildConfiguration;
			buildSettings = {
				CLANG_ENABLE_MODULES = YES;
				CODE_SIGN_STYLE = Automatic;
				CURRENT_PROJECT_VERSION = 1;
				DEFINES_MODULE = YES;
				DEVELOPMENT_TEAM = 6423MBW33K;
				DYLIB_COMPATIBILITY_VERSION = 1;
				DYLIB_CURRENT_VERSION = 1;
				DYLIB_INSTALL_NAME_BASE = "@rpath";
				GENERATE_INFOPLIST_FILE = YES;
				INFOPLIST_KEY_NSHumanReadableCopyright = "";
				INSTALL_PATH = "$(LOCAL_LIBRARY_DIR)/Frameworks";
				IPHONEOS_DEPLOYMENT_TARGET = 16.2;
				LD_RUNPATH_SEARCH_PATHS = (
					"$(inherited)",
					"@executable_path/Frameworks",
					"@loader_path/Frameworks",
				);
				MARKETING_VERSION = 1.0;
				PRODUCT_BUNDLE_IDENTIFIER = com.shekunsky.EssentialFeediOS;
				PRODUCT_NAME = "$(TARGET_NAME:c99extidentifier)";
				SDKROOT = iphoneos;
				SKIP_INSTALL = YES;
				SWIFT_EMIT_LOC_STRINGS = YES;
				SWIFT_OPTIMIZATION_LEVEL = "-Onone";
				SWIFT_VERSION = 5.0;
				TARGETED_DEVICE_FAMILY = "1,2";
			};
			name = Debug;
		};
		3B23A3442A5EE5D3007FD182 /* Release */ = {
			isa = XCBuildConfiguration;
			buildSettings = {
				CLANG_ENABLE_MODULES = YES;
				CODE_SIGN_STYLE = Automatic;
				CURRENT_PROJECT_VERSION = 1;
				DEFINES_MODULE = YES;
				DEVELOPMENT_TEAM = 6423MBW33K;
				DYLIB_COMPATIBILITY_VERSION = 1;
				DYLIB_CURRENT_VERSION = 1;
				DYLIB_INSTALL_NAME_BASE = "@rpath";
				GENERATE_INFOPLIST_FILE = YES;
				INFOPLIST_KEY_NSHumanReadableCopyright = "";
				INSTALL_PATH = "$(LOCAL_LIBRARY_DIR)/Frameworks";
				IPHONEOS_DEPLOYMENT_TARGET = 16.2;
				LD_RUNPATH_SEARCH_PATHS = (
					"$(inherited)",
					"@executable_path/Frameworks",
					"@loader_path/Frameworks",
				);
				MARKETING_VERSION = 1.0;
				PRODUCT_BUNDLE_IDENTIFIER = com.shekunsky.EssentialFeediOS;
				PRODUCT_NAME = "$(TARGET_NAME:c99extidentifier)";
				SDKROOT = iphoneos;
				SKIP_INSTALL = YES;
				SWIFT_EMIT_LOC_STRINGS = YES;
				SWIFT_VERSION = 5.0;
				TARGETED_DEVICE_FAMILY = "1,2";
				VALIDATE_PRODUCT = YES;
			};
			name = Release;
		};
		3B23A3462A5EE5D3007FD182 /* Debug */ = {
			isa = XCBuildConfiguration;
			buildSettings = {
				ALWAYS_EMBED_SWIFT_STANDARD_LIBRARIES = YES;
				CLANG_ENABLE_MODULES = YES;
				CODE_SIGN_STYLE = Automatic;
				CURRENT_PROJECT_VERSION = 1;
				DEVELOPMENT_TEAM = 6423MBW33K;
				GENERATE_INFOPLIST_FILE = YES;
				IPHONEOS_DEPLOYMENT_TARGET = 16.2;
				LD_RUNPATH_SEARCH_PATHS = (
					"$(inherited)",
					"@executable_path/Frameworks",
					"@loader_path/Frameworks",
				);
				MARKETING_VERSION = 1.0;
				PRODUCT_BUNDLE_IDENTIFIER = com.shekunsky.EssentialFeediOSTests;
				PRODUCT_NAME = "$(TARGET_NAME)";
				SDKROOT = iphoneos;
				SWIFT_EMIT_LOC_STRINGS = NO;
				SWIFT_OBJC_BRIDGING_HEADER = "EssentialFeediOSTests/EssentialFeediOSTests-Bridging-Header.h";
				SWIFT_OPTIMIZATION_LEVEL = "-Onone";
				SWIFT_VERSION = 5.0;
				TARGETED_DEVICE_FAMILY = "1,2";
			};
			name = Debug;
		};
		3B23A3472A5EE5D3007FD182 /* Release */ = {
			isa = XCBuildConfiguration;
			buildSettings = {
				ALWAYS_EMBED_SWIFT_STANDARD_LIBRARIES = YES;
				CLANG_ENABLE_MODULES = YES;
				CODE_SIGN_STYLE = Automatic;
				CURRENT_PROJECT_VERSION = 1;
				DEVELOPMENT_TEAM = 6423MBW33K;
				GENERATE_INFOPLIST_FILE = YES;
				IPHONEOS_DEPLOYMENT_TARGET = 16.2;
				LD_RUNPATH_SEARCH_PATHS = (
					"$(inherited)",
					"@executable_path/Frameworks",
					"@loader_path/Frameworks",
				);
				MARKETING_VERSION = 1.0;
				PRODUCT_BUNDLE_IDENTIFIER = com.shekunsky.EssentialFeediOSTests;
				PRODUCT_NAME = "$(TARGET_NAME)";
				SDKROOT = iphoneos;
				SWIFT_EMIT_LOC_STRINGS = NO;
				SWIFT_OBJC_BRIDGING_HEADER = "EssentialFeediOSTests/EssentialFeediOSTests-Bridging-Header.h";
				SWIFT_VERSION = 5.0;
				TARGETED_DEVICE_FAMILY = "1,2";
				VALIDATE_PRODUCT = YES;
			};
			name = Release;
		};
		3B2D94492A276C7A00A35C06 /* Debug */ = {
			isa = XCBuildConfiguration;
			buildSettings = {
				ALWAYS_SEARCH_USER_PATHS = NO;
				CLANG_ANALYZER_LOCALIZABILITY_NONLOCALIZED = YES;
				CLANG_ANALYZER_NONNULL = YES;
				CLANG_ANALYZER_NUMBER_OBJECT_CONVERSION = YES_AGGRESSIVE;
				CLANG_CXX_LANGUAGE_STANDARD = "gnu++20";
				CLANG_ENABLE_MODULES = YES;
				CLANG_ENABLE_OBJC_ARC = YES;
				CLANG_ENABLE_OBJC_WEAK = YES;
				CLANG_WARN_BLOCK_CAPTURE_AUTORELEASING = YES;
				CLANG_WARN_BOOL_CONVERSION = YES;
				CLANG_WARN_COMMA = YES;
				CLANG_WARN_CONSTANT_CONVERSION = YES;
				CLANG_WARN_DEPRECATED_OBJC_IMPLEMENTATIONS = YES;
				CLANG_WARN_DIRECT_OBJC_ISA_USAGE = YES_ERROR;
				CLANG_WARN_DOCUMENTATION_COMMENTS = YES;
				CLANG_WARN_EMPTY_BODY = YES;
				CLANG_WARN_ENUM_CONVERSION = YES;
				CLANG_WARN_INFINITE_RECURSION = YES;
				CLANG_WARN_INT_CONVERSION = YES;
				CLANG_WARN_NON_LITERAL_NULL_CONVERSION = YES;
				CLANG_WARN_OBJC_IMPLICIT_RETAIN_SELF = YES;
				CLANG_WARN_OBJC_LITERAL_CONVERSION = YES;
				CLANG_WARN_OBJC_ROOT_CLASS = YES_ERROR;
				CLANG_WARN_QUOTED_INCLUDE_IN_FRAMEWORK_HEADER = YES;
				CLANG_WARN_RANGE_LOOP_ANALYSIS = YES;
				CLANG_WARN_STRICT_PROTOTYPES = YES;
				CLANG_WARN_SUSPICIOUS_MOVE = YES;
				CLANG_WARN_UNGUARDED_AVAILABILITY = YES_AGGRESSIVE;
				CLANG_WARN_UNREACHABLE_CODE = YES;
				CLANG_WARN__DUPLICATE_METHOD_MATCH = YES;
				COPY_PHASE_STRIP = NO;
				CURRENT_PROJECT_VERSION = 1;
				DEBUG_INFORMATION_FORMAT = dwarf;
				ENABLE_STRICT_OBJC_MSGSEND = YES;
				ENABLE_TESTABILITY = YES;
				GCC_C_LANGUAGE_STANDARD = gnu11;
				GCC_DYNAMIC_NO_PIC = NO;
				GCC_NO_COMMON_BLOCKS = YES;
				GCC_OPTIMIZATION_LEVEL = 0;
				GCC_PREPROCESSOR_DEFINITIONS = (
					"DEBUG=1",
					"$(inherited)",
				);
				GCC_WARN_64_TO_32_BIT_CONVERSION = YES;
				GCC_WARN_ABOUT_RETURN_TYPE = YES_ERROR;
				GCC_WARN_UNDECLARED_SELECTOR = YES;
				GCC_WARN_UNINITIALIZED_AUTOS = YES_AGGRESSIVE;
				GCC_WARN_UNUSED_FUNCTION = YES;
				GCC_WARN_UNUSED_VARIABLE = YES;
				MACOSX_DEPLOYMENT_TARGET = 12.6;
				MTL_ENABLE_DEBUG_INFO = INCLUDE_SOURCE;
				MTL_FAST_MATH = YES;
				ONLY_ACTIVE_ARCH = YES;
				SDKROOT = macosx;
				SWIFT_ACTIVE_COMPILATION_CONDITIONS = DEBUG;
				SWIFT_OPTIMIZATION_LEVEL = "-Onone";
				VERSIONING_SYSTEM = "apple-generic";
				VERSION_INFO_PREFIX = "";
			};
			name = Debug;
		};
		3B2D944A2A276C7A00A35C06 /* Release */ = {
			isa = XCBuildConfiguration;
			buildSettings = {
				ALWAYS_SEARCH_USER_PATHS = NO;
				CLANG_ANALYZER_LOCALIZABILITY_NONLOCALIZED = YES;
				CLANG_ANALYZER_NONNULL = YES;
				CLANG_ANALYZER_NUMBER_OBJECT_CONVERSION = YES_AGGRESSIVE;
				CLANG_CXX_LANGUAGE_STANDARD = "gnu++20";
				CLANG_ENABLE_MODULES = YES;
				CLANG_ENABLE_OBJC_ARC = YES;
				CLANG_ENABLE_OBJC_WEAK = YES;
				CLANG_WARN_BLOCK_CAPTURE_AUTORELEASING = YES;
				CLANG_WARN_BOOL_CONVERSION = YES;
				CLANG_WARN_COMMA = YES;
				CLANG_WARN_CONSTANT_CONVERSION = YES;
				CLANG_WARN_DEPRECATED_OBJC_IMPLEMENTATIONS = YES;
				CLANG_WARN_DIRECT_OBJC_ISA_USAGE = YES_ERROR;
				CLANG_WARN_DOCUMENTATION_COMMENTS = YES;
				CLANG_WARN_EMPTY_BODY = YES;
				CLANG_WARN_ENUM_CONVERSION = YES;
				CLANG_WARN_INFINITE_RECURSION = YES;
				CLANG_WARN_INT_CONVERSION = YES;
				CLANG_WARN_NON_LITERAL_NULL_CONVERSION = YES;
				CLANG_WARN_OBJC_IMPLICIT_RETAIN_SELF = YES;
				CLANG_WARN_OBJC_LITERAL_CONVERSION = YES;
				CLANG_WARN_OBJC_ROOT_CLASS = YES_ERROR;
				CLANG_WARN_QUOTED_INCLUDE_IN_FRAMEWORK_HEADER = YES;
				CLANG_WARN_RANGE_LOOP_ANALYSIS = YES;
				CLANG_WARN_STRICT_PROTOTYPES = YES;
				CLANG_WARN_SUSPICIOUS_MOVE = YES;
				CLANG_WARN_UNGUARDED_AVAILABILITY = YES_AGGRESSIVE;
				CLANG_WARN_UNREACHABLE_CODE = YES;
				CLANG_WARN__DUPLICATE_METHOD_MATCH = YES;
				COPY_PHASE_STRIP = NO;
				CURRENT_PROJECT_VERSION = 1;
				DEBUG_INFORMATION_FORMAT = "dwarf-with-dsym";
				ENABLE_NS_ASSERTIONS = NO;
				ENABLE_STRICT_OBJC_MSGSEND = YES;
				GCC_C_LANGUAGE_STANDARD = gnu11;
				GCC_NO_COMMON_BLOCKS = YES;
				GCC_WARN_64_TO_32_BIT_CONVERSION = YES;
				GCC_WARN_ABOUT_RETURN_TYPE = YES_ERROR;
				GCC_WARN_UNDECLARED_SELECTOR = YES;
				GCC_WARN_UNINITIALIZED_AUTOS = YES_AGGRESSIVE;
				GCC_WARN_UNUSED_FUNCTION = YES;
				GCC_WARN_UNUSED_VARIABLE = YES;
				MACOSX_DEPLOYMENT_TARGET = 12.6;
				MTL_ENABLE_DEBUG_INFO = NO;
				MTL_FAST_MATH = YES;
				SDKROOT = macosx;
				SWIFT_COMPILATION_MODE = wholemodule;
				SWIFT_OPTIMIZATION_LEVEL = "-O";
				VERSIONING_SYSTEM = "apple-generic";
				VERSION_INFO_PREFIX = "";
			};
			name = Release;
		};
		3B2D944C2A276C7A00A35C06 /* Debug */ = {
			isa = XCBuildConfiguration;
			buildSettings = {
				CODE_SIGN_STYLE = Automatic;
				COMBINE_HIDPI_IMAGES = YES;
				CURRENT_PROJECT_VERSION = 1;
				DEFINES_MODULE = YES;
				DEVELOPMENT_TEAM = 6423MBW33K;
				DYLIB_COMPATIBILITY_VERSION = 1;
				DYLIB_CURRENT_VERSION = 1;
				DYLIB_INSTALL_NAME_BASE = "@rpath";
				GENERATE_INFOPLIST_FILE = YES;
				INFOPLIST_KEY_NSHumanReadableCopyright = "";
				INSTALL_PATH = "$(LOCAL_LIBRARY_DIR)/Frameworks";
				LD_RUNPATH_SEARCH_PATHS = (
					"$(inherited)",
					"@executable_path/../Frameworks",
					"@loader_path/Frameworks",
				);
				MARKETING_VERSION = 1.0;
				PRODUCT_BUNDLE_IDENTIFIER = com.shekunsky.EssentialFeed;
				PRODUCT_NAME = "$(TARGET_NAME:c99extidentifier)";
				SKIP_INSTALL = YES;
				SUPPORTED_PLATFORMS = "macosx iphonesimulator iphoneos";
				SWIFT_EMIT_LOC_STRINGS = YES;
				SWIFT_VERSION = 5.0;
			};
			name = Debug;
		};
		3B2D944D2A276C7A00A35C06 /* Release */ = {
			isa = XCBuildConfiguration;
			buildSettings = {
				CODE_SIGN_STYLE = Automatic;
				COMBINE_HIDPI_IMAGES = YES;
				CURRENT_PROJECT_VERSION = 1;
				DEFINES_MODULE = YES;
				DEVELOPMENT_TEAM = 6423MBW33K;
				DYLIB_COMPATIBILITY_VERSION = 1;
				DYLIB_CURRENT_VERSION = 1;
				DYLIB_INSTALL_NAME_BASE = "@rpath";
				GENERATE_INFOPLIST_FILE = YES;
				INFOPLIST_KEY_NSHumanReadableCopyright = "";
				INSTALL_PATH = "$(LOCAL_LIBRARY_DIR)/Frameworks";
				LD_RUNPATH_SEARCH_PATHS = (
					"$(inherited)",
					"@executable_path/../Frameworks",
					"@loader_path/Frameworks",
				);
				MARKETING_VERSION = 1.0;
				PRODUCT_BUNDLE_IDENTIFIER = com.shekunsky.EssentialFeed;
				PRODUCT_NAME = "$(TARGET_NAME:c99extidentifier)";
				SKIP_INSTALL = YES;
				SUPPORTED_PLATFORMS = "macosx iphonesimulator iphoneos";
				SWIFT_EMIT_LOC_STRINGS = YES;
				SWIFT_VERSION = 5.0;
			};
			name = Release;
		};
		3B2D944F2A276C7A00A35C06 /* Debug */ = {
			isa = XCBuildConfiguration;
			buildSettings = {
				ALWAYS_EMBED_SWIFT_STANDARD_LIBRARIES = YES;
				CODE_SIGN_STYLE = Automatic;
				CURRENT_PROJECT_VERSION = 1;
				DEVELOPMENT_TEAM = 6423MBW33K;
				GENERATE_INFOPLIST_FILE = YES;
				MARKETING_VERSION = 1.0;
				PRODUCT_BUNDLE_IDENTIFIER = com.shekunsky.EssentialFeedTests;
				PRODUCT_NAME = "$(TARGET_NAME)";
				SUPPORTED_PLATFORMS = "macosx iphoneos iphonesimulator";
				SWIFT_EMIT_LOC_STRINGS = NO;
				SWIFT_VERSION = 5.0;
			};
			name = Debug;
		};
		3B2D94502A276C7A00A35C06 /* Release */ = {
			isa = XCBuildConfiguration;
			buildSettings = {
				ALWAYS_EMBED_SWIFT_STANDARD_LIBRARIES = YES;
				CODE_SIGN_STYLE = Automatic;
				CURRENT_PROJECT_VERSION = 1;
				DEVELOPMENT_TEAM = 6423MBW33K;
				GENERATE_INFOPLIST_FILE = YES;
				MARKETING_VERSION = 1.0;
				PRODUCT_BUNDLE_IDENTIFIER = com.shekunsky.EssentialFeedTests;
				PRODUCT_NAME = "$(TARGET_NAME)";
				SUPPORTED_PLATFORMS = "macosx iphoneos iphonesimulator";
				SWIFT_EMIT_LOC_STRINGS = NO;
				SWIFT_VERSION = 5.0;
			};
			name = Release;
		};
		3B35DD362A558DFF004DB2C4 /* Debug */ = {
			isa = XCBuildConfiguration;
			buildSettings = {
				CODE_SIGN_STYLE = Automatic;
				CURRENT_PROJECT_VERSION = 1;
				DEVELOPMENT_TEAM = 6423MBW33K;
				GENERATE_INFOPLIST_FILE = YES;
				MARKETING_VERSION = 1.0;
				PRODUCT_BUNDLE_IDENTIFIER = com.shekunsky.EssentialFeedCacheIntegrationTests;
				PRODUCT_NAME = "$(TARGET_NAME)";
				SUPPORTED_PLATFORMS = "macosx iphonesimulator iphoneos";
				SWIFT_EMIT_LOC_STRINGS = NO;
				SWIFT_VERSION = 5.0;
			};
			name = Debug;
		};
		3B35DD372A558DFF004DB2C4 /* Release */ = {
			isa = XCBuildConfiguration;
			buildSettings = {
				CODE_SIGN_STYLE = Automatic;
				CURRENT_PROJECT_VERSION = 1;
				DEVELOPMENT_TEAM = 6423MBW33K;
				GENERATE_INFOPLIST_FILE = YES;
				MARKETING_VERSION = 1.0;
				PRODUCT_BUNDLE_IDENTIFIER = com.shekunsky.EssentialFeedCacheIntegrationTests;
				PRODUCT_NAME = "$(TARGET_NAME)";
				SUPPORTED_PLATFORMS = "macosx iphonesimulator iphoneos";
				SWIFT_EMIT_LOC_STRINGS = NO;
				SWIFT_VERSION = 5.0;
			};
			name = Release;
		};
/* End XCBuildConfiguration section */

/* Begin XCConfigurationList section */
		3B0F12112A37450E0097D720 /* Build configuration list for PBXNativeTarget "EssentialFeedAPIEndToEndTests" */ = {
			isa = XCConfigurationList;
			buildConfigurations = (
				3B0F120F2A37450E0097D720 /* Debug */,
				3B0F12102A37450E0097D720 /* Release */,
			);
			defaultConfigurationIsVisible = 0;
			defaultConfigurationName = Release;
		};
		3B23A3422A5EE5D3007FD182 /* Build configuration list for PBXNativeTarget "EssentialFeediOS" */ = {
			isa = XCConfigurationList;
			buildConfigurations = (
				3B23A3432A5EE5D3007FD182 /* Debug */,
				3B23A3442A5EE5D3007FD182 /* Release */,
			);
			defaultConfigurationIsVisible = 0;
			defaultConfigurationName = Release;
		};
		3B23A3452A5EE5D3007FD182 /* Build configuration list for PBXNativeTarget "EssentialFeediOSTests" */ = {
			isa = XCConfigurationList;
			buildConfigurations = (
				3B23A3462A5EE5D3007FD182 /* Debug */,
				3B23A3472A5EE5D3007FD182 /* Release */,
			);
			defaultConfigurationIsVisible = 0;
			defaultConfigurationName = Release;
		};
		3B2D94312A276C7900A35C06 /* Build configuration list for PBXProject "EssentialFeed" */ = {
			isa = XCConfigurationList;
			buildConfigurations = (
				3B2D94492A276C7A00A35C06 /* Debug */,
				3B2D944A2A276C7A00A35C06 /* Release */,
			);
			defaultConfigurationIsVisible = 0;
			defaultConfigurationName = Release;
		};
		3B2D944B2A276C7A00A35C06 /* Build configuration list for PBXNativeTarget "EssentialFeed" */ = {
			isa = XCConfigurationList;
			buildConfigurations = (
				3B2D944C2A276C7A00A35C06 /* Debug */,
				3B2D944D2A276C7A00A35C06 /* Release */,
			);
			defaultConfigurationIsVisible = 0;
			defaultConfigurationName = Release;
		};
		3B2D944E2A276C7A00A35C06 /* Build configuration list for PBXNativeTarget "EssentialFeedTests" */ = {
			isa = XCConfigurationList;
			buildConfigurations = (
				3B2D944F2A276C7A00A35C06 /* Debug */,
				3B2D94502A276C7A00A35C06 /* Release */,
			);
			defaultConfigurationIsVisible = 0;
			defaultConfigurationName = Release;
		};
		3B35DD352A558DFF004DB2C4 /* Build configuration list for PBXNativeTarget "EssentialFeedCacheIntegrationTests" */ = {
			isa = XCConfigurationList;
			buildConfigurations = (
				3B35DD362A558DFF004DB2C4 /* Debug */,
				3B35DD372A558DFF004DB2C4 /* Release */,
			);
			defaultConfigurationIsVisible = 0;
			defaultConfigurationName = Release;
		};
/* End XCConfigurationList section */

/* Begin XCVersionGroup section */
		3BAD16252A5301250071EB4D /* FeedStore.xcdatamodeld */ = {
			isa = XCVersionGroup;
			children = (
				3BAD16262A5301250071EB4D /* FeedStore.xcdatamodel */,
			);
			currentVersion = 3BAD16262A5301250071EB4D /* FeedStore.xcdatamodel */;
			path = FeedStore.xcdatamodeld;
			sourceTree = "<group>";
			versionGroupType = wrapper.xcdatamodel;
		};
/* End XCVersionGroup section */
	};
	rootObject = 3B2D942E2A276C7900A35C06 /* Project object */;
}
